Microsoft Visual Studio Solution File, Format Version 12.00
Project("{FAE04EC0-301F-11D3-BF4B-00C04F79EFBC}") = "_724.FindPivotIndex", "problems\_724.FindPivotIndex\_724.FindPivotIndex.csproj", "{4789579A-0143-401B-B995-1713F93BAB49}"
EndProject
Project("{FAE04EC0-301F-11D3-BF4B-00C04F79EFBC}") = "_205.IsomorphicStrings", "problems\_205.IsomorphicStrings\_205.IsomorphicStrings.csproj", "{ACD4ED72-278D-4F19-B4EE-38209E7F9A33}"
EndProject
Project("{FAE04EC0-301F-11D3-BF4B-00C04F79EFBC}") = "_392.IsSubsequence", "problems\_392.IsSubsequence\_392.IsSubsequence.csproj", "{5C2311AD-8A59-4359-8198-675B7AAB27B8}"
EndProject
Project("{FAE04EC0-301F-11D3-BF4B-00C04F79EFBC}") = "_1523.CountOddNumbersInAnIntervalRange", "problems\_1523.CountOddNumbersInAnIntervalRange\_1523.CountOddNumbersInAnIntervalRange.csproj", "{363107BD-3B1B-4224-A4E0-57506A56F5E8}"
EndProject
Project("{FAE04EC0-301F-11D3-BF4B-00C04F79EFBC}") = "_1491. Average Salary Excluding the Minimum and Maximum Salary", "problems\_1491. Average Salary Excluding the Minimum and Maximum Salary\_1491. Average Salary Excluding the Minimum and Maximum Salary.csproj", "{76923A0B-7E25-496F-B410-5F89FF90C75F}"
EndProject
Project("{FAE04EC0-301F-11D3-BF4B-00C04F79EFBC}") = "_217. Contains Duplicate", "problems\_217. Contains Duplicate\_217. Contains Duplicate.csproj", "{E446911E-6176-4A72-9719-A6DC5561F675}"
EndProject
<<<<<<< HEAD
Project("{FAE04EC0-301F-11D3-BF4B-00C04F79EFBC}") = "_1. Two Sum", "problems\_1. Two Sum\_1. Two Sum.csproj", "{024D0E28-375F-495C-92B3-B6717369B9BF}"
=======
EndProject
Project("{FAE04EC0-301F-11D3-BF4B-00C04F79EFBC}") = "_53. Maximum Subarray", "problems\_53. Maximum Subarray\_53. Maximum Subarray.csproj", "{2675BECF-95A9-4DA0-B66F-FB60E81747F4}"
>>>>>>> 53
EndProject
Project("{FAE04EC0-301F-11D3-BF4B-00C04F79EFBC}") = "_21. Merge Two Sorted Lists", "problems\_21. Merge Two Sorted Lists\_21. Merge Two Sorted Lists.csproj", "{86B318B8-DFAB-4664-B603-C4BB77C18103}"
EndProject
Project("{FAE04EC0-301F-11D3-BF4B-00C04F79EFBC}") = "_206. Reverse Linked List", "problems\_206. Reverse Linked List\_206. Reverse Linked List.csproj", "{600287D0-D6E0-4F43-8A3F-A7C4EDABF508}"
EndProject
Project("{FAE04EC0-301F-11D3-BF4B-00C04F79EFBC}") = "_191. Number of 1 Bits", "problems\_191. Number of 1 Bits\_191. Number of 1 Bits.csproj", "{D164B550-77D8-4E2E-8CBC-73A2564B82F6}"
EndProject
Project("{FAE04EC0-301F-11D3-BF4B-00C04F79EFBC}") = "_1281. Subtract the Product and Sum of Digits of an Integer", "problems\_1281. Subtract the Product and Sum of Digits of an Integer\_1281. Subtract the Product and Sum of Digits of an Integer.csproj", "{15016F6A-F2DB-4EF0-B436-E0249BA0C835}"
EndProject
Project("{FAE04EC0-301F-11D3-BF4B-00C04F79EFBC}") = "_88. Merge Sorted Array", "problems\_88. Merge Sorted Array\_88. Merge Sorted Array.csproj", "{67965DEF-82C2-4775-9078-9111FDBD1C3B}"
EndProject
Project("{FAE04EC0-301F-11D3-BF4B-00C04F79EFBC}") = "_876. Middle of the Linked List", "problems\_876. Middle of the Linked List\_876. Middle of the Linked List.csproj", "{A4CBCDA5-6672-4C3E-A98B-AE552BD17B5A}"
EndProject
Project("{FAE04EC0-301F-11D3-BF4B-00C04F79EFBC}") = "_142. Linked List Cycle II", "problems\_142. Linked List Cycle II\_142. Linked List Cycle II.csproj", "{00CBCECE-8633-4D22-B973-94B14366E2A6}"
EndProject
Project("{FAE04EC0-301F-11D3-BF4B-00C04F79EFBC}") = "_976. Largest Perimeter Triangle", "problems\_976. Largest Perimeter Triangle\_976. Largest Perimeter Triangle.csproj", "{4BC8FCD9-7CFF-4E4D-BCFC-7163C4FE4467}"
EndProject
Project("{FAE04EC0-301F-11D3-BF4B-00C04F79EFBC}") = "_1779. Find Nearest Point That Has the Same X or Y Coordinate", "problems\_1779. Find Nearest Point That Has the Same X or Y Coordinate\_1779. Find Nearest Point That Has the Same X or Y Coordinate.csproj", "{CFFA2DF2-26C5-46DC-ABBA-8AAD66C69E95}"
EndProject
Project("{FAE04EC0-301F-11D3-BF4B-00C04F79EFBC}") = "_350. Intersection of Two Arrays II", "problems\_350. Intersection of Two Arrays II\_350. Intersection of Two Arrays II.csproj", "{FF285E5F-52B7-4441-9B92-9BFDB37FC642}"
EndProject
Project("{FAE04EC0-301F-11D3-BF4B-00C04F79EFBC}") = "_121. Best Time to Buy and Sell Stock", "problems\_121. Best Time to Buy and Sell Stock\_121. Best Time to Buy and Sell Stock.csproj", "{C28F98A5-0A20-4211-A1B2-0F48E1354BC9}"
EndProject
Project("{FAE04EC0-301F-11D3-BF4B-00C04F79EFBC}") = "_409. Longest Palindrome", "problems\_409. Longest Palindrome\_409. Longest Palindrome.csproj", "{54BD27B0-8D0D-4CB7-99A9-9BFAEDD5293C}"
EndProject
Project("{FAE04EC0-301F-11D3-BF4B-00C04F79EFBC}") = "_1822. Sign of the Product of an Array", "problems\_1822. Sign of the Product of an Array\_1822. Sign of the Product of an Array.csproj", "{625C0579-D019-4C63-9C2F-8D917A137E38}"
EndProject
Project("{FAE04EC0-301F-11D3-BF4B-00C04F79EFBC}") = "_1502. Can Make Arithmetic Progression From Sequence", "problems\_1502. Can Make Arithmetic Progression From Sequence\_1502. Can Make Arithmetic Progression From Sequence.csproj", "{A09FE7DF-92DC-4ADC-B7FE-26E485313787}"
EndProject
Project("{FAE04EC0-301F-11D3-BF4B-00C04F79EFBC}") = "_202. Happy Number", "problems\_202. Happy Number\_202. Happy Number.csproj", "{8EAC0D30-37BD-4490-AA76-9B75A5156B18}"
EndProject
Project("{FAE04EC0-301F-11D3-BF4B-00C04F79EFBC}") = "_1790. Check if One String Swap Can Make Strings Equal", "problems\_1790. Check if One String Swap Can Make Strings Equal\_1790. Check if One String Swap Can Make Strings Equal.csproj", "{FC2DD431-02F8-48B6-B64E-EEBD1B8D21A5}"
EndProject
Project("{FAE04EC0-301F-11D3-BF4B-00C04F79EFBC}") = "_566. Reshape the Matrix", "problems\_566. Reshape the Matrix\_566. Reshape the Matrix.csproj", "{E954313C-E4DD-43FB-91D4-DD3049DE065A}"
EndProject
Project("{FAE04EC0-301F-11D3-BF4B-00C04F79EFBC}") = "_118. Pascals Triangle", "problems\_118. Pascals Triangle\_118. Pascals Triangle.csproj", "{309A1695-60BF-4032-B863-6536CD637167}"
EndProject
Project("{FAE04EC0-301F-11D3-BF4B-00C04F79EFBC}") = "_589. N-ary Tree Preorder Traversal", "problems\_589. N-ary Tree Preorder Traversal\_589. N-ary Tree Preorder Traversal.csproj", "{FEFB248F-1C47-4243-92A0-9B97F1819BDC}"
EndProject
Project("{FAE04EC0-301F-11D3-BF4B-00C04F79EFBC}") = "_102. Binary Tree Level Order Traversal", "problems\_102. Binary Tree Level Order Traversal\_102. Binary Tree Level Order Traversal.csproj", "{811BD7D1-C963-4C0A-A609-85FC11032094}"
EndProject
Project("{FAE04EC0-301F-11D3-BF4B-00C04F79EFBC}") = "_496. Next Greater Element I", "problems\_496. Next Greater Element I\_496. Next Greater Element I.csproj", "{48A093A1-2931-4C22-A382-BB7516D8448F}"
EndProject
Project("{FAE04EC0-301F-11D3-BF4B-00C04F79EFBC}") = "_1232. Check If It Is a Straight Line", "problems\_1232. Check If It Is a Straight Line\_1232. Check If It Is a Straight Line.csproj", "{FBDDFDAF-2600-48B1-9C86-6BCBF0375EA5}"
EndProject
Project("{FAE04EC0-301F-11D3-BF4B-00C04F79EFBC}") = "_36. Valid Sudoku", "problems\_36. Valid Sudoku\_36. Valid Sudoku.csproj", "{89A84FC1-C0A1-488B-9515-5559DC7511BB}"
EndProject
Project("{FAE04EC0-301F-11D3-BF4B-00C04F79EFBC}") = "_74. Search a 2D Matrix", "problems\_74. Search a 2D Matrix\_74. Search a 2D Matrix.csproj", "{DCBE09C0-4E4A-4B7F-A981-BBF85979D533}"
EndProject
Project("{FAE04EC0-301F-11D3-BF4B-00C04F79EFBC}") = "_704. Binary Search", "problems\_704. Binary Search\_704. Binary Search.csproj", "{445BBAA9-3A0E-4A33-9CB9-870872C6D5D1}"
EndProject
Project("{FAE04EC0-301F-11D3-BF4B-00C04F79EFBC}") = "_278. First Bad Version", "problems\_278. First Bad Version\_278. First Bad Version.csproj", "{18CD7B80-BC40-4607-BB87-26373189BB9A}"
EndProject
Project("{FAE04EC0-301F-11D3-BF4B-00C04F79EFBC}") = "_387. First Unique Character in a String", "problems\_387. First Unique Character in a String\_387. First Unique Character in a String.csproj", "{4AE52CBC-4BEC-4C1B-9957-391CAFAC22D1}"
EndProject
Project("{FAE04EC0-301F-11D3-BF4B-00C04F79EFBC}") = "_383. Ransom Note", "problems\_383. Ransom Note\_383. Ransom Note.csproj", "{A4DCD84F-0B53-476A-B905-F301A53C8FF4}"
EndProject
Project("{FAE04EC0-301F-11D3-BF4B-00C04F79EFBC}") = "_242. Valid Anagram", "problems\_242. Valid Anagram\_242. Valid Anagram.csproj", "{18AB23D4-E5B6-47E9-944D-22396A1C0FC8}"
EndProject
Project("{FAE04EC0-301F-11D3-BF4B-00C04F79EFBC}") = "_1588. Sum of All Odd Length Subarrays", "problems\_1588. Sum of All Odd Length Subarrays\_1588. Sum of All Odd Length Subarrays.csproj", "{42DDE401-0B7C-459E-9591-F50ED949F9B6}"
EndProject
Project("{FAE04EC0-301F-11D3-BF4B-00C04F79EFBC}") = "_283. Move Zeroes", "problems\_283. Move Zeroes\_283. Move Zeroes.csproj", "{A97667DC-057D-401D-8D6C-925DFB6C7828}"
EndProject
Project("{FAE04EC0-301F-11D3-BF4B-00C04F79EFBC}") = "_1672. Richest Customer Wealth", "problems\_1672. Richest Customer Wealth\_1672. Richest Customer Wealth.csproj", "{0C45C803-E6F3-4782-BEB8-9B5B14CC8795}"
EndProject
Project("{FAE04EC0-301F-11D3-BF4B-00C04F79EFBC}") = "_974. Subarray Sums Divisible by K", "problems\_974. Subarray Sums Divisible by K\_974. Subarray Sums Divisible by K.csproj", "{F7E06113-90B2-463B-8098-481A757CE064}"
EndProject
Project("{FAE04EC0-301F-11D3-BF4B-00C04F79EFBC}") = "_98. Validate Binary Search Tree", "problems\_98. Validate Binary Search Tree\_98. Validate Binary Search Tree.csproj", "{10402E90-FA07-4C1E-9D6F-64AE9F149D07}"
EndProject
Project("{FAE04EC0-301F-11D3-BF4B-00C04F79EFBC}") = "_235. Lowest Common Ancestor of a Binary Search Tree", "problems\_235. Lowest Common Ancestor of a Binary Search Tree\_235. Lowest Common Ancestor of a Binary Search Tree.csproj", "{681BF454-4097-421D-AE7E-A18A7C2BEA8F}"
EndProject
Project("{FAE04EC0-301F-11D3-BF4B-00C04F79EFBC}") = "_1572. Matrix Diagonal Sum", "problems\_1572. Matrix Diagonal Sum\_1572. Matrix Diagonal Sum.csproj", "{4B32BBAB-1CE3-442E-BC2E-E2F06FC29B0E}"
EndProject
Project("{FAE04EC0-301F-11D3-BF4B-00C04F79EFBC}") = "_141. Linked List Cycle", "problems\_141. Linked List Cycle\_141. Linked List Cycle.csproj", "{ED323848-D322-4FC7-84EB-B07444CE049A}"
EndProject
Project("{FAE04EC0-301F-11D3-BF4B-00C04F79EFBC}") = "_203. Remove Linked List Elements", "problems\_203. Remove Linked List Elements\_203. Remove Linked List Elements.csproj", "{1068AD05-38FB-46A3-A165-FD03E816BF65}"
EndProject
Project("{FAE04EC0-301F-11D3-BF4B-00C04F79EFBC}") = "_491. Non-decreasing Subsequences", "problems\_491. Non-decreasing Subsequences\_491. Non-decreasing Subsequences.csproj", "{3BE78A65-1156-4634-BF73-50720D2F41CB}"
EndProject
Project("{FAE04EC0-301F-11D3-BF4B-00C04F79EFBC}") = "_49. Group Anagrams", "problems\_49. Group Anagrams\_49. Group Anagrams.csproj", "{9E0C5C2E-BCEC-4F2E-96F3-A36B3CAEBC0E}"
EndProject
Project("{FAE04EC0-301F-11D3-BF4B-00C04F79EFBC}") = "_347. Top K Frequent Elements", "problems\_347. Top K Frequent Elements\_347. Top K Frequent Elements.csproj", "{23AE03E1-A60C-409D-A681-E71B2E7693E6}"
EndProject
Project("{FAE04EC0-301F-11D3-BF4B-00C04F79EFBC}") = "_733. Flood Fill", "problems\_733. Flood Fill\_733. Flood Fill.csproj", "{1FABE489-D0B6-4859-85B6-C6CA3E7B4F9F}"
EndProject
Project("{FAE04EC0-301F-11D3-BF4B-00C04F79EFBC}") = "_200. Number of Islands", "problems\_200. Number of Islands\_200. Number of Islands.csproj", "{7E495917-0131-4F0F-A950-ECDD1B9B10A7}"
EndProject
Project("{FAE04EC0-301F-11D3-BF4B-00C04F79EFBC}") = "_1768. Merge Strings Alternately", "problems\_1768. Merge Strings Alternately\_1768. Merge Strings Alternately.csproj", "{2A94D0EA-C0CE-446C-87CF-DF87FDBE1DC4}"
EndProject
Project("{FAE04EC0-301F-11D3-BF4B-00C04F79EFBC}") = "_1678. Goal Parser Interpretation", "problems\_1678. Goal Parser Interpretation\_1678. Goal Parser Interpretation.csproj", "{0DD7B544-AD17-46CF-82E6-87DEC653AAD7}"
EndProject
Project("{FAE04EC0-301F-11D3-BF4B-00C04F79EFBC}") = "_389. Find the Difference", "problems\_389. Find the Difference\_389. Find the Difference.csproj", "{1853514F-6451-473B-8D33-33D81E90444B}"
EndProject
Project("{FAE04EC0-301F-11D3-BF4B-00C04F79EFBC}") = "_83. Remove Duplicates from Sorted List", "problems\_83. Remove Duplicates from Sorted List\_83. Remove Duplicates from Sorted List.csproj", "{D4C6605A-9F91-4A3F-89E1-B1FF33077613}"
EndProject
Project("{FAE04EC0-301F-11D3-BF4B-00C04F79EFBC}") = "_709. To Lower Case", "problems\_709. To Lower Case\_709. To Lower Case.csproj", "{82A56674-4003-4977-8DA9-11A8BC154198}"
EndProject
Project("{FAE04EC0-301F-11D3-BF4B-00C04F79EFBC}") = "_1309. Decrypt String from Alphabet to Integer Mapping", "problems\_1309. Decrypt String from Alphabet to Integer Mapping\_1309. Decrypt String from Alphabet to Integer Mapping.csproj", "{E391B891-EFCB-4810-9B04-43E21799EAE1}"
EndProject
Project("{FAE04EC0-301F-11D3-BF4B-00C04F79EFBC}") = "_953. Verifying an Alien Dictionary", "problems\_953. Verifying an Alien Dictionary\_953. Verifying an Alien Dictionary.csproj", "{B8F21BC1-BB21-4CFE-890D-BE7CC6044D33}"
EndProject
Project("{FAE04EC0-301F-11D3-BF4B-00C04F79EFBC}") = "_509. Fibonacci Number", "problems\_509. Fibonacci Number\_509. Fibonacci Number.csproj", "{A0FBC9FA-02E3-48F0-9FB8-18E03E905E8E}"
EndProject
Project("{FAE04EC0-301F-11D3-BF4B-00C04F79EFBC}") = "_70. Climbing Stairs", "problems\_70. Climbing Stairs\_70. Climbing Stairs.csproj", "{657DBBD0-132F-4260-BF49-DF7A9607F9FA}"
EndProject
Project("{FAE04EC0-301F-11D3-BF4B-00C04F79EFBC}") = "_20. Valid Parentheses", "problems\_20. Valid Parentheses\_20. Valid Parentheses.csproj", "{2EC50CAA-D3F2-4977-A796-F33F7381A487}"
EndProject
Project("{FAE04EC0-301F-11D3-BF4B-00C04F79EFBC}") = "_232. Implement Queue using Stacks", "problems\_232. Implement Queue using Stacks\_232. Implement Queue using Stacks.csproj", "{9233A0B0-1AB9-4E36-8DA0-F0B6870A7C59}"
EndProject
Project("{FAE04EC0-301F-11D3-BF4B-00C04F79EFBC}") = "_1290. Convert Binary Number in a Linked List to Integer", "problems\_1290. Convert Binary Number in a Linked List to Integer\_1290. Convert Binary Number in a Linked List to Integer.csproj", "{8D9F2C97-C0AD-4F9D-B8F0-EF2263348572}"
EndProject
Project("{FAE04EC0-301F-11D3-BF4B-00C04F79EFBC}") = "_104. Maximum Depth of Binary Tree", "problems\_104. Maximum Depth of Binary Tree\_104. Maximum Depth of Binary Tree.csproj", "{CBDC8755-05A1-4168-B128-2D681F67DBB9}"
EndProject
Project("{FAE04EC0-301F-11D3-BF4B-00C04F79EFBC}") = "_404. Sum of Left Leaves", "problems\_404. Sum of Left Leaves\_404. Sum of Left Leaves.csproj", "{39802C4F-A8B0-49A2-8C9C-B90FC9710DCC}"
EndProject
Project("{FAE04EC0-301F-11D3-BF4B-00C04F79EFBC}") = "_746. Min Cost Climbing Stairs", "problems\_746. Min Cost Climbing Stairs\_746. Min Cost Climbing Stairs.csproj", "{1F2A4D3F-5288-4A62-A429-D26F1CBD5435}"
EndProject
Project("{FAE04EC0-301F-11D3-BF4B-00C04F79EFBC}") = "_62. Unique Paths", "problems\_62. Unique Paths\_62. Unique Paths.csproj", "{EFA37F35-2A9F-4284-8F2D-5D2D6946AEC3}"
EndProject
Project("{FAE04EC0-301F-11D3-BF4B-00C04F79EFBC}") = "_144. Binary Tree Preorder Traversal", "problems\_144. Binary Tree Preorder Traversal\_144. Binary Tree Preorder Traversal.csproj", "{5AD9A73D-CB22-4678-893B-815F0293CAFE}"
EndProject
Project("{FAE04EC0-301F-11D3-BF4B-00C04F79EFBC}") = "_94. Binary Tree Inorder Traversal", "problems\_94. Binary Tree Inorder Traversal\_94. Binary Tree Inorder Traversal.csproj", "{7A2FFF99-9A5A-47E3-97A8-5B7134CB7277}"
EndProject
Project("{FAE04EC0-301F-11D3-BF4B-00C04F79EFBC}") = "_145. Binary Tree Postorder Traversal", "problems\_145. Binary Tree Postorder Traversal\_145. Binary Tree Postorder Traversal.csproj", "{9F7D4A35-78BC-46B0-BA40-73DD3E154772}"
EndProject
Project("{FAE04EC0-301F-11D3-BF4B-00C04F79EFBC}") = "_238. Product of Array Except Self", "problems\_238. Product of Array Except Self\_238. Product of Array Except Self.csproj", "{7CF92B27-F1D3-42F3-984B-7CCA65507528}"
EndProject
Project("{FAE04EC0-301F-11D3-BF4B-00C04F79EFBC}") = "_1356. Sort Integers by The Number of 1 Bits", "problems\_1356. Sort Integers by The Number of 1 Bits\_1356. Sort Integers by The Number of 1 Bits.csproj", "{CC2B9623-9AD4-4540-ACE7-DBD81C45D34B}"
EndProject
Project("{FAE04EC0-301F-11D3-BF4B-00C04F79EFBC}") = "_438. Find All Anagrams in a String", "problems\_438. Find All Anagrams in a String\_438. Find All Anagrams in a String.csproj", "{35F32CD5-A4EC-418C-B5F8-24D7E4FD22DB}"
EndProject
Project("{FAE04EC0-301F-11D3-BF4B-00C04F79EFBC}") = "_424. Longest Repeating Character Replacement", "problems\_424. Longest Repeating Character Replacement\_424. Longest Repeating Character Replacement.csproj", "{72FCCB40-0C07-4927-A460-AA413A9B293C}"
EndProject
Project("{FAE04EC0-301F-11D3-BF4B-00C04F79EFBC}") = "_101. Symmetric Tree", "problems\_101. Symmetric Tree\_101. Symmetric Tree.csproj", "{0F1A6C24-F492-4916-8628-9F2BFD3DFDEB}"
EndProject
Project("{FAE04EC0-301F-11D3-BF4B-00C04F79EFBC}") = "_1603. Design Parking System", "problems\_1603. Design Parking System\_1603. Design Parking System.csproj", "{AD586DA8-949D-4F7B-A02E-8335F33918D1}"
EndProject
Project("{FAE04EC0-301F-11D3-BF4B-00C04F79EFBC}") = "_303. Range Sum Query - Immutable", "problems\_303. Range Sum Query - Immutable\_303. Range Sum Query - Immutable.csproj", "{C1C196FF-D521-4EBA-AF7D-4637D119E990}"
EndProject
Project("{FAE04EC0-301F-11D3-BF4B-00C04F79EFBC}") = "_299. Bulls and Cows", "problems\_299. Bulls and Cows\_299. Bulls and Cows.csproj", "{531F140B-B8EC-4B05-8D88-C150A5E9280B}"
EndProject
Project("{FAE04EC0-301F-11D3-BF4B-00C04F79EFBC}") = "_226. Invert Binary Tree", "problems\_226. Invert Binary Tree\_226. Invert Binary Tree.csproj", "{0AE47939-9860-427E-9FBF-E994CAB2E6BF}"
EndProject
Project("{FAE04EC0-301F-11D3-BF4B-00C04F79EFBC}") = "_112. Path Sum", "problems\_112. Path Sum\_112. Path Sum.csproj", "{DF10C795-1AAA-446E-A5BD-6D70E3A84D36}"
EndProject
Project("{FAE04EC0-301F-11D3-BF4B-00C04F79EFBC}") = "_155. Min Stack", "problems\_155. Min Stack\_155. Min Stack.csproj", "{C325B42D-B844-4307-AE4F-A00F0AE7CDD6}"
EndProject
Project("{FAE04EC0-301F-11D3-BF4B-00C04F79EFBC}") = "_150. Evaluate Reverse Polish Notation", "problems\_150. Evaluate Reverse Polish Notation\_150. Evaluate Reverse Polish Notation.csproj", "{0535EDDD-1F16-42BB-B3CA-40BF0F6F79D4}"
EndProject
Project("{FAE04EC0-301F-11D3-BF4B-00C04F79EFBC}") = "_22. Generate Parentheses", "problems\_22. Generate Parentheses\_22. Generate Parentheses.csproj", "{43271430-CB31-4051-AE2B-0D48C1A26963}"
EndProject
Project("{FAE04EC0-301F-11D3-BF4B-00C04F79EFBC}") = "_739. Daily Temperatures", "problems\_739. Daily Temperatures\_739. Daily Temperatures.csproj", "{632E580F-5530-40AD-9134-AB9C3E699968}"
EndProject
Project("{FAE04EC0-301F-11D3-BF4B-00C04F79EFBC}") = "_844. Backspace String Compare", "problems\_844. Backspace String Compare\_844. Backspace String Compare.csproj", "{72B9E28A-B103-48B0-A0B6-3480491CDF8C}"
EndProject
Project("{FAE04EC0-301F-11D3-BF4B-00C04F79EFBC}") = "_394. Decode String", "problems\_394. Decode String\_394. Decode String.csproj", "{9A03D2B3-A19D-4DFD-8BAD-D29AEDB0BC60}"
EndProject
Project("{FAE04EC0-301F-11D3-BF4B-00C04F79EFBC}") = "_700. Search in a Binary Search Tree", "problems\_700. Search in a Binary Search Tree\_700. Search in a Binary Search Tree.csproj", "{D15925B0-4031-42AB-A2CB-4416E71A3CB2}"
EndProject
Project("{FAE04EC0-301F-11D3-BF4B-00C04F79EFBC}") = "_701. Insert into a Binary Search Tree", "problems\_701. Insert into a Binary Search Tree\_701. Insert into a Binary Search Tree.csproj", "{A325D0A8-F772-4D86-8BD3-41E33894D367}"
EndProject
Project("{FAE04EC0-301F-11D3-BF4B-00C04F79EFBC}") = "_374. Guess Number Higher or Lower", "problems\_374. Guess Number Higher or Lower\_374. Guess Number Higher or Lower.csproj", "{1BC622DE-023B-4DA6-955E-2B1A823B6E2F}"
EndProject
Project("{FAE04EC0-301F-11D3-BF4B-00C04F79EFBC}") = "_35. Search Insert Position", "problems\_35. Search Insert Position\_35. Search Insert Position.csproj", "{3FF49CBD-1FF7-4374-A69A-7A58A8129087}"
EndProject
Project("{FAE04EC0-301F-11D3-BF4B-00C04F79EFBC}") = "_852. Peak Index in a Mountain Array", "problems\_852. Peak Index in a Mountain Array\_852. Peak Index in a Mountain Array.csproj", "{65ED4D17-4CBB-4F3F-9D24-4E57A5C44F96}"
EndProject
Project("{FAE04EC0-301F-11D3-BF4B-00C04F79EFBC}") = "_125. Valid Palindrome", "problems\_125. Valid Palindrome\_125. Valid Palindrome.csproj", "{FCA58132-C042-422B-A450-8794D3854777}"
EndProject
Project("{FAE04EC0-301F-11D3-BF4B-00C04F79EFBC}") = "_167. Two Sum II - Input Array Is Sorted", "problems\_167. Two Sum II - Input Array Is Sorted\_167. Two Sum II - Input Array Is Sorted.csproj", "{A87DF300-A484-4541-B1AF-E418B6AC13FB}"
EndProject
Project("{FAE04EC0-301F-11D3-BF4B-00C04F79EFBC}") = "_15. 3Sum", "problems\_15. 3Sum\_15. 3Sum.csproj", "{E463BB0B-2B8F-4AF1-9850-7C155CC8E61D}"
EndProject
Project("{FAE04EC0-301F-11D3-BF4B-00C04F79EFBC}") = "_11. Container With Most Water", "problems\_11. Container With Most Water\_11. Container With Most Water.csproj", "{073FB429-5FA6-4BF8-8D31-851D1689C200}"
EndProject
Project("{FAE04EC0-301F-11D3-BF4B-00C04F79EFBC}") = "_367. Valid Perfect Square", "problems\_367. Valid Perfect Square\_367. Valid Perfect Square.csproj", "{27B0B3F1-9416-418B-9ABB-CBCAD8EF2CBF}"
EndProject
Project("{FAE04EC0-301F-11D3-BF4B-00C04F79EFBC}") = "_1385. Find the Distance Value Between Two Arrays", "problems\_1385. Find the Distance Value Between Two Arrays\_1385. Find the Distance Value Between Two Arrays.csproj", "{CB483141-64E2-4930-88FF-73383A30D280}"
EndProject
Project("{FAE04EC0-301F-11D3-BF4B-00C04F79EFBC}") = "_1046. Last Stone Weight", "problems\_1046. Last Stone Weight\_1046. Last Stone Weight.csproj", "{F1DB3152-3A41-440F-A13C-EE6D21A017A6}"
EndProject
Project("{FAE04EC0-301F-11D3-BF4B-00C04F79EFBC}") = "_692. Top K Frequent Words", "problems\_692. Top K Frequent Words\_692. Top K Frequent Words.csproj", "{F5BDB90D-9978-42D1-808C-9DEF0865EE13}"
EndProject
Project("{FAE04EC0-301F-11D3-BF4B-00C04F79EFBC}") = "_653. Two Sum IV - Input is a BST", "problems\_653. Two Sum IV - Input is a BST\_653. Two Sum IV - Input is a BST.csproj", "{073521F1-F345-4185-B724-778AA5EACE92}"
EndProject
Project("{FAE04EC0-301F-11D3-BF4B-00C04F79EFBC}") = "_13. Roman to Integer", "problems\_13. Roman to Integer\_13. Roman to Integer.csproj", "{7C46AC48-873B-4AF9-939F-DA3046CC44A1}"
EndProject
Project("{FAE04EC0-301F-11D3-BF4B-00C04F79EFBC}") = "_14. Longest Common Prefix", "problems\_14. Longest Common Prefix\_14. Longest Common Prefix.csproj", "{4A39A1BD-96E9-456A-8311-8478440DD9D6}"
EndProject
Project("{FAE04EC0-301F-11D3-BF4B-00C04F79EFBC}") = "_26. Remove Duplicates from Sorted Array", "problems\_26. Remove Duplicates from Sorted Array\_26. Remove Duplicates from Sorted Array.csproj", "{A63F8E27-E157-4842-8880-1803D337165B}"
EndProject
Project("{FAE04EC0-301F-11D3-BF4B-00C04F79EFBC}") = "_66. Plus One", "problems\_66. Plus One\_66. Plus One.csproj", "{95A99FF4-5EA2-49E2-8092-4EAF78D0DE41}"
EndProject
Project("{FAE04EC0-301F-11D3-BF4B-00C04F79EFBC}") = "_69. Sqrt_x", "problems\_69. Sqrt_x\_69. Sqrt_x.csproj", "{8EED7850-A38D-4565-819B-B8A3A1CE3BA3}"
EndProject
Project("{FAE04EC0-301F-11D3-BF4B-00C04F79EFBC}") = "_744. Find Smallest Letter Greater Than Target", "problems\_744. Find Smallest Letter Greater Than Target\_744. Find Smallest Letter Greater Than Target.csproj", "{32D91170-F6D2-4DBF-B8F2-9C047A02CE53}"
EndProject
Project("{FAE04EC0-301F-11D3-BF4B-00C04F79EFBC}") = "_34. Find First and Last Position of Element in Sorted Array", "problems\_34. Find First and Last Position of Element in Sorted Array\_34. Find First and Last Position of Element in Sorted Array.csproj", "{C471F97D-CC63-41F4-B8F4-5CBDB5A1E876}"
EndProject
Project("{FAE04EC0-301F-11D3-BF4B-00C04F79EFBC}") = "_977. Squares of a Sorted Array", "problems\_977. Squares of a Sorted Array\_977. Squares of a Sorted Array.csproj", "{8246476E-C88A-446F-AD78-CFBBEDB9E6CE}"
EndProject
Project("{FAE04EC0-301F-11D3-BF4B-00C04F79EFBC}") = "_189. Rotate Array", "problems\_189. Rotate Array\_189. Rotate Array.csproj", "{F1117BBB-B6A1-40BA-873C-2D0037FDE322}"
EndProject
Project("{FAE04EC0-301F-11D3-BF4B-00C04F79EFBC}") = "_441. Arranging Coins", "problems\_441. Arranging Coins\_441. Arranging Coins.csproj", "{C9AB93CC-3BC3-46FB-8FC1-13080099611E}"
EndProject
Project("{FAE04EC0-301F-11D3-BF4B-00C04F79EFBC}") = "_1539. Kth Missing Positive Number", "problems\_1539. Kth Missing Positive Number\_1539. Kth Missing Positive Number.csproj", "{33CA1853-FED4-4974-A77F-44A5547B207D}"
EndProject
Project("{FAE04EC0-301F-11D3-BF4B-00C04F79EFBC}") = "_344. Reverse String", "problems\_344. Reverse String\_344. Reverse String.csproj", "{0EB663AD-889B-441A-8245-0BE7A5F347E1}"
EndProject
Project("{FAE04EC0-301F-11D3-BF4B-00C04F79EFBC}") = "_557. Reverse Words in a String III", "problems\_557. Reverse Words in a String III\_557. Reverse Words in a String III.csproj", "{497D6740-8692-4FAB-BB11-C2232A66ED60}"
EndProject
Project("{FAE04EC0-301F-11D3-BF4B-00C04F79EFBC}") = "_19. Remove Nth Node From End of List", "problems\_19. Remove Nth Node From End of List\_19. Remove Nth Node From End of List.csproj", "{8348ED08-86F0-4FA5-B7CC-7DEAD7CF84BC}"
EndProject
Project("{FAE04EC0-301F-11D3-BF4B-00C04F79EFBC}") = "_1608. Special Array With X Elements Greater Than or Equal X", "problems\_1608. Special Array With X Elements Greater Than or Equal X\_1608. Special Array With X Elements Greater Than or Equal X.csproj", "{DA098DBA-2401-4F60-AE96-0CAD2AD4596D}"
EndProject
Project("{FAE04EC0-301F-11D3-BF4B-00C04F79EFBC}") = "_3. Longest Substring Without Repeating Characters", "problems\_3. Longest Substring Without Repeating Characters\_3. Longest Substring Without Repeating Characters.csproj", "{BDC054C9-FD20-4593-830E-15DA54F98AFB}"
EndProject
Project("{FAE04EC0-301F-11D3-BF4B-00C04F79EFBC}") = "_567. Permutation in String", "problems\_567. Permutation in String\_567. Permutation in String.csproj", "{37D6A95C-4DBF-4A43-BEF7-2421EABE961A}"
EndProject
Project("{FAE04EC0-301F-11D3-BF4B-00C04F79EFBC}") = "_1351. Count Negative Numbers in a Sorted Matrix", "problems\_1351. Count Negative Numbers in a Sorted Matrix\_1351. Count Negative Numbers in a Sorted Matrix.csproj", "{FBAE267B-4C34-4104-832A-02C0A295E453}"
EndProject
Project("{FAE04EC0-301F-11D3-BF4B-00C04F79EFBC}") = "_1071. Greatest Common Divisor of Strings", "problems\_1071. Greatest Common Divisor of Strings\_1071. Greatest Common Divisor of Strings.csproj", "{391B005C-3EE8-497A-A37B-BB889D38D56B}"
EndProject
Project("{FAE04EC0-301F-11D3-BF4B-00C04F79EFBC}") = "_695. Max Area of Island", "problems\_695. Max Area of Island\_695. Max Area of Island.csproj", "{2403486F-CDF2-46F1-8FE2-CA5C96394BAF}"
EndProject
Project("{FAE04EC0-301F-11D3-BF4B-00C04F79EFBC}") = "_1337. The K Weakest Rows in a Matrix", "problems\_1337. The K Weakest Rows in a Matrix\_1337. The K Weakest Rows in a Matrix.csproj", "{2FDA8611-0EE5-4BD7-8EE0-8F7A2AEF4280}"
EndProject
Project("{FAE04EC0-301F-11D3-BF4B-00C04F79EFBC}") = "_1346. Check If N and Its Double Exist", "problems\_1346. Check If N and Its Double Exist\_1346. Check If N and Its Double Exist.csproj", "{501B9E0D-BD5E-4AD7-B56E-C052A22E2388}"
EndProject
Project("{FAE04EC0-301F-11D3-BF4B-00C04F79EFBC}") = "_6. Zigzag Conversion", "problems\_6. Zigzag Conversion\_6. Zigzag Conversion.csproj", "{F6B6A6AE-A419-4A9F-BA7E-2BDC2194387F}"
EndProject
Project("{FAE04EC0-301F-11D3-BF4B-00C04F79EFBC}") = "_633. Sum of Square Numbers", "problems\_633. Sum of Square Numbers\_633. Sum of Square Numbers.csproj", "{C35828DF-9122-483A-B06D-7168AA3931B2}"
EndProject
Project("{FAE04EC0-301F-11D3-BF4B-00C04F79EFBC}") = "_617. Merge Two Binary Trees", "problems\_617. Merge Two Binary Trees\_617. Merge Two Binary Trees.csproj", "{D6CED85E-EE4B-49A3-9882-DFB549DC5A75}"
EndProject
Project("{FAE04EC0-301F-11D3-BF4B-00C04F79EFBC}") = "_116. Populating Next Right Pointers in Each Node", "problems\_116. Populating Next Right Pointers in Each Node\_116. Populating Next Right Pointers in Each Node.csproj", "{F1A62274-7E33-429E-9F57-40207D64F5F9}"
EndProject
Project("{FAE04EC0-301F-11D3-BF4B-00C04F79EFBC}") = "_1855. Maximum Distance Between a Pair of Values", "problems\_1855. Maximum Distance Between a Pair of Values\_1855. Maximum Distance Between a Pair of Values.csproj", "{0CC1B36D-539C-4653-BCA9-A513EAC2EFEC}"
EndProject
Project("{FAE04EC0-301F-11D3-BF4B-00C04F79EFBC}") = "_33. Search in Rotated Sorted Array", "problems\_33. Search in Rotated Sorted Array\_33. Search in Rotated Sorted Array.csproj", "{D8BD9CF8-128B-476B-8014-819D45B0B262}"
EndProject
Project("{FAE04EC0-301F-11D3-BF4B-00C04F79EFBC}") = "_542. 01 Matrix", "problems\_542. 01 Matrix\_542. 01 Matrix.csproj", "{B012274C-5157-42C4-A2F8-9B0BD86ADF54}"
EndProject
Project("{FAE04EC0-301F-11D3-BF4B-00C04F79EFBC}") = "_994. Rotting Oranges", "problems\_994. Rotting Oranges\_994. Rotting Oranges.csproj", "{A2BA47A4-D961-48B9-A559-E6596C7C751A}"
EndProject
Project("{FAE04EC0-301F-11D3-BF4B-00C04F79EFBC}") = "_153. Find Minimum in Rotated Sorted Array", "problems\_153. Find Minimum in Rotated Sorted Array\_153. Find Minimum in Rotated Sorted Array.csproj", "{11341E47-10EB-4DAA-B3C0-6583917BAB9D}"
EndProject
Project("{FAE04EC0-301F-11D3-BF4B-00C04F79EFBC}") = "_27. Remove Element", "problems\_27. Remove Element\_27. Remove Element.csproj", "{9FD8C4D7-CCD6-465D-8EBA-4EE43F41482D}"
EndProject
Project("{FAE04EC0-301F-11D3-BF4B-00C04F79EFBC}") = "_1137. N-th Tribonacci Number", "problems\_1137. N-th Tribonacci Number\_1137. N-th Tribonacci Number.csproj", "{87711230-7C46-457F-8AAB-49DCEDFCFE92}"
EndProject
Project("{FAE04EC0-301F-11D3-BF4B-00C04F79EFBC}") = "_1470. Shuffle the Array", "problems\_1470. Shuffle the Array\_1470. Shuffle the Array.csproj", "{B4FAFDA8-BCB0-4DA7-896F-1CAADD40C559}"
EndProject
Project("{FAE04EC0-301F-11D3-BF4B-00C04F79EFBC}") = "_77. Combinations", "problems\_77. Combinations\_77. Combinations.csproj", "{F5F7664A-F670-45CE-BDDF-848D5E4BD037}"
EndProject
Project("{FAE04EC0-301F-11D3-BF4B-00C04F79EFBC}") = "_46. Permutations", "problems\_46. Permutations\_46. Permutations.csproj", "{B0989911-9E8B-4E99-BD11-A3CCC71F1A51}"
EndProject
Project("{FAE04EC0-301F-11D3-BF4B-00C04F79EFBC}") = "_784. Letter Case Permutation", "problems\_784. Letter Case Permutation\_784. Letter Case Permutation.csproj", "{FF498166-4D5B-409A-B58E-88915EEA26BD}"
EndProject
Project("{FAE04EC0-301F-11D3-BF4B-00C04F79EFBC}") = "_136. Single Number", "problems\_136. Single Number\_136. Single Number.csproj", "{55DC092F-F046-42C0-B517-22BA3552CF06}"
EndProject
Project("{FAE04EC0-301F-11D3-BF4B-00C04F79EFBC}") = "_904. Fruit Into Baskets", "problems\_904. Fruit Into Baskets\_904. Fruit Into Baskets.csproj", "{1759CAC3-6E2A-4F11-ABFD-3334C5BD2383}"
EndProject
Project("{FAE04EC0-301F-11D3-BF4B-00C04F79EFBC}") = "_45. Jump Game II", "problems\_45. Jump Game II\_45. Jump Game II.csproj", "{7023A1D1-9607-45C0-AB32-1147A9E65E47}"
EndProject
Project("{FAE04EC0-301F-11D3-BF4B-00C04F79EFBC}") = "_2306. Naming a Company", "problems\_2306. Naming a Company\_2306. Naming a Company.csproj", "{43D70831-26F8-4FDA-9661-775D28BD2D46}"
EndProject
Project("{FAE04EC0-301F-11D3-BF4B-00C04F79EFBC}") = "_198. House Robber", "problems\_198. House Robber\_198. House Robber.csproj", "{350C41C3-3D84-4AE5-A457-5C968FB33586}"
EndProject
Project("{FAE04EC0-301F-11D3-BF4B-00C04F79EFBC}") = "_120. Triangle", "problems\_120. Triangle\_120. Triangle.csproj", "{56BE41A0-BD44-4BD9-B98C-B19169917006}"
EndProject
Project("{FAE04EC0-301F-11D3-BF4B-00C04F79EFBC}") = "_231. Power of Two", "problems\_231. Power of Two\_231. Power of Two.csproj", "{3C0F87B4-60F3-47BB-A419-01992D180BF6}"
EndProject
Project("{FAE04EC0-301F-11D3-BF4B-00C04F79EFBC}") = "_190. Reverse Bits", "problems\_190. Reverse Bits\_190. Reverse Bits.csproj", "{83D9DC8E-F977-4C36-AF06-2100B9C26667}"
EndProject
Project("{FAE04EC0-301F-11D3-BF4B-00C04F79EFBC}") = "_1162. As Far from Land as Possible", "problems\_1162. As Far from Land as Possible\_1162. As Far from Land as Possible.csproj", "{2CAA8B78-9673-4187-A826-FA24605A4C86}"
EndProject
Project("{FAE04EC0-301F-11D3-BF4B-00C04F79EFBC}") = "_213. House Robber II", "problems\_213. House Robber II\_213. House Robber II.csproj", "{536375BB-F608-4456-83E7-7BEC1BD0A22F}"
EndProject
Project("{FAE04EC0-301F-11D3-BF4B-00C04F79EFBC}") = "_740. Delete and Earn", "problems\_740. Delete and Earn\_740. Delete and Earn.csproj", "{92802B11-43B7-477B-B1E6-41CFDB4D5653}"
EndProject
Global
	GlobalSection(SolutionConfigurationPlatforms) = preSolution
		Debug|Any CPU = Debug|Any CPU
		Release|Any CPU = Release|Any CPU
	EndGlobalSection
	GlobalSection(ProjectConfigurationPlatforms) = postSolution
		{4789579A-0143-401B-B995-1713F93BAB49}.Debug|Any CPU.ActiveCfg = Debug|Any CPU
		{4789579A-0143-401B-B995-1713F93BAB49}.Debug|Any CPU.Build.0 = Debug|Any CPU
		{4789579A-0143-401B-B995-1713F93BAB49}.Release|Any CPU.ActiveCfg = Release|Any CPU
		{4789579A-0143-401B-B995-1713F93BAB49}.Release|Any CPU.Build.0 = Release|Any CPU
		{ACD4ED72-278D-4F19-B4EE-38209E7F9A33}.Debug|Any CPU.ActiveCfg = Debug|Any CPU
		{ACD4ED72-278D-4F19-B4EE-38209E7F9A33}.Debug|Any CPU.Build.0 = Debug|Any CPU
		{ACD4ED72-278D-4F19-B4EE-38209E7F9A33}.Release|Any CPU.ActiveCfg = Release|Any CPU
		{ACD4ED72-278D-4F19-B4EE-38209E7F9A33}.Release|Any CPU.Build.0 = Release|Any CPU
		{5C2311AD-8A59-4359-8198-675B7AAB27B8}.Debug|Any CPU.ActiveCfg = Debug|Any CPU
		{5C2311AD-8A59-4359-8198-675B7AAB27B8}.Debug|Any CPU.Build.0 = Debug|Any CPU
		{5C2311AD-8A59-4359-8198-675B7AAB27B8}.Release|Any CPU.ActiveCfg = Release|Any CPU
		{5C2311AD-8A59-4359-8198-675B7AAB27B8}.Release|Any CPU.Build.0 = Release|Any CPU
		{363107BD-3B1B-4224-A4E0-57506A56F5E8}.Debug|Any CPU.ActiveCfg = Debug|Any CPU
		{363107BD-3B1B-4224-A4E0-57506A56F5E8}.Debug|Any CPU.Build.0 = Debug|Any CPU
		{363107BD-3B1B-4224-A4E0-57506A56F5E8}.Release|Any CPU.ActiveCfg = Release|Any CPU
		{363107BD-3B1B-4224-A4E0-57506A56F5E8}.Release|Any CPU.Build.0 = Release|Any CPU
		{76923A0B-7E25-496F-B410-5F89FF90C75F}.Debug|Any CPU.ActiveCfg = Debug|Any CPU
		{76923A0B-7E25-496F-B410-5F89FF90C75F}.Debug|Any CPU.Build.0 = Debug|Any CPU
		{76923A0B-7E25-496F-B410-5F89FF90C75F}.Release|Any CPU.ActiveCfg = Release|Any CPU
		{76923A0B-7E25-496F-B410-5F89FF90C75F}.Release|Any CPU.Build.0 = Release|Any CPU
		{E446911E-6176-4A72-9719-A6DC5561F675}.Debug|Any CPU.ActiveCfg = Debug|Any CPU
		{E446911E-6176-4A72-9719-A6DC5561F675}.Debug|Any CPU.Build.0 = Debug|Any CPU
		{E446911E-6176-4A72-9719-A6DC5561F675}.Release|Any CPU.ActiveCfg = Release|Any CPU
		{E446911E-6176-4A72-9719-A6DC5561F675}.Release|Any CPU.Build.0 = Release|Any CPU
		{024D0E28-375F-495C-92B3-B6717369B9BF}.Debug|Any CPU.ActiveCfg = Debug|Any CPU
		{024D0E28-375F-495C-92B3-B6717369B9BF}.Debug|Any CPU.Build.0 = Debug|Any CPU
		{024D0E28-375F-495C-92B3-B6717369B9BF}.Release|Any CPU.ActiveCfg = Release|Any CPU
		{024D0E28-375F-495C-92B3-B6717369B9BF}.Release|Any CPU.Build.0 = Release|Any CPU
		{2675BECF-95A9-4DA0-B66F-FB60E81747F4}.Debug|Any CPU.ActiveCfg = Debug|Any CPU
		{2675BECF-95A9-4DA0-B66F-FB60E81747F4}.Debug|Any CPU.Build.0 = Debug|Any CPU
		{2675BECF-95A9-4DA0-B66F-FB60E81747F4}.Release|Any CPU.ActiveCfg = Release|Any CPU
		{2675BECF-95A9-4DA0-B66F-FB60E81747F4}.Release|Any CPU.Build.0 = Release|Any CPU
		{86B318B8-DFAB-4664-B603-C4BB77C18103}.Debug|Any CPU.ActiveCfg = Debug|Any CPU
		{86B318B8-DFAB-4664-B603-C4BB77C18103}.Debug|Any CPU.Build.0 = Debug|Any CPU
		{86B318B8-DFAB-4664-B603-C4BB77C18103}.Release|Any CPU.ActiveCfg = Release|Any CPU
		{86B318B8-DFAB-4664-B603-C4BB77C18103}.Release|Any CPU.Build.0 = Release|Any CPU
		{600287D0-D6E0-4F43-8A3F-A7C4EDABF508}.Debug|Any CPU.ActiveCfg = Debug|Any CPU
		{600287D0-D6E0-4F43-8A3F-A7C4EDABF508}.Debug|Any CPU.Build.0 = Debug|Any CPU
		{600287D0-D6E0-4F43-8A3F-A7C4EDABF508}.Release|Any CPU.ActiveCfg = Release|Any CPU
		{600287D0-D6E0-4F43-8A3F-A7C4EDABF508}.Release|Any CPU.Build.0 = Release|Any CPU
		{D164B550-77D8-4E2E-8CBC-73A2564B82F6}.Debug|Any CPU.ActiveCfg = Debug|Any CPU
		{D164B550-77D8-4E2E-8CBC-73A2564B82F6}.Debug|Any CPU.Build.0 = Debug|Any CPU
		{D164B550-77D8-4E2E-8CBC-73A2564B82F6}.Release|Any CPU.ActiveCfg = Release|Any CPU
		{D164B550-77D8-4E2E-8CBC-73A2564B82F6}.Release|Any CPU.Build.0 = Release|Any CPU
		{15016F6A-F2DB-4EF0-B436-E0249BA0C835}.Debug|Any CPU.ActiveCfg = Debug|Any CPU
		{15016F6A-F2DB-4EF0-B436-E0249BA0C835}.Debug|Any CPU.Build.0 = Debug|Any CPU
		{15016F6A-F2DB-4EF0-B436-E0249BA0C835}.Release|Any CPU.ActiveCfg = Release|Any CPU
		{15016F6A-F2DB-4EF0-B436-E0249BA0C835}.Release|Any CPU.Build.0 = Release|Any CPU
		{67965DEF-82C2-4775-9078-9111FDBD1C3B}.Debug|Any CPU.ActiveCfg = Debug|Any CPU
		{67965DEF-82C2-4775-9078-9111FDBD1C3B}.Debug|Any CPU.Build.0 = Debug|Any CPU
		{67965DEF-82C2-4775-9078-9111FDBD1C3B}.Release|Any CPU.ActiveCfg = Release|Any CPU
		{67965DEF-82C2-4775-9078-9111FDBD1C3B}.Release|Any CPU.Build.0 = Release|Any CPU
		{A4CBCDA5-6672-4C3E-A98B-AE552BD17B5A}.Debug|Any CPU.ActiveCfg = Debug|Any CPU
		{A4CBCDA5-6672-4C3E-A98B-AE552BD17B5A}.Debug|Any CPU.Build.0 = Debug|Any CPU
		{A4CBCDA5-6672-4C3E-A98B-AE552BD17B5A}.Release|Any CPU.ActiveCfg = Release|Any CPU
		{A4CBCDA5-6672-4C3E-A98B-AE552BD17B5A}.Release|Any CPU.Build.0 = Release|Any CPU
		{00CBCECE-8633-4D22-B973-94B14366E2A6}.Debug|Any CPU.ActiveCfg = Debug|Any CPU
		{00CBCECE-8633-4D22-B973-94B14366E2A6}.Debug|Any CPU.Build.0 = Debug|Any CPU
		{00CBCECE-8633-4D22-B973-94B14366E2A6}.Release|Any CPU.ActiveCfg = Release|Any CPU
		{00CBCECE-8633-4D22-B973-94B14366E2A6}.Release|Any CPU.Build.0 = Release|Any CPU
		{4BC8FCD9-7CFF-4E4D-BCFC-7163C4FE4467}.Debug|Any CPU.ActiveCfg = Debug|Any CPU
		{4BC8FCD9-7CFF-4E4D-BCFC-7163C4FE4467}.Debug|Any CPU.Build.0 = Debug|Any CPU
		{4BC8FCD9-7CFF-4E4D-BCFC-7163C4FE4467}.Release|Any CPU.ActiveCfg = Release|Any CPU
		{4BC8FCD9-7CFF-4E4D-BCFC-7163C4FE4467}.Release|Any CPU.Build.0 = Release|Any CPU
		{CFFA2DF2-26C5-46DC-ABBA-8AAD66C69E95}.Debug|Any CPU.ActiveCfg = Debug|Any CPU
		{CFFA2DF2-26C5-46DC-ABBA-8AAD66C69E95}.Debug|Any CPU.Build.0 = Debug|Any CPU
		{CFFA2DF2-26C5-46DC-ABBA-8AAD66C69E95}.Release|Any CPU.ActiveCfg = Release|Any CPU
		{CFFA2DF2-26C5-46DC-ABBA-8AAD66C69E95}.Release|Any CPU.Build.0 = Release|Any CPU
		{FF285E5F-52B7-4441-9B92-9BFDB37FC642}.Debug|Any CPU.ActiveCfg = Debug|Any CPU
		{FF285E5F-52B7-4441-9B92-9BFDB37FC642}.Debug|Any CPU.Build.0 = Debug|Any CPU
		{FF285E5F-52B7-4441-9B92-9BFDB37FC642}.Release|Any CPU.ActiveCfg = Release|Any CPU
		{FF285E5F-52B7-4441-9B92-9BFDB37FC642}.Release|Any CPU.Build.0 = Release|Any CPU
		{C28F98A5-0A20-4211-A1B2-0F48E1354BC9}.Debug|Any CPU.ActiveCfg = Debug|Any CPU
		{C28F98A5-0A20-4211-A1B2-0F48E1354BC9}.Debug|Any CPU.Build.0 = Debug|Any CPU
		{C28F98A5-0A20-4211-A1B2-0F48E1354BC9}.Release|Any CPU.ActiveCfg = Release|Any CPU
		{C28F98A5-0A20-4211-A1B2-0F48E1354BC9}.Release|Any CPU.Build.0 = Release|Any CPU
		{54BD27B0-8D0D-4CB7-99A9-9BFAEDD5293C}.Debug|Any CPU.ActiveCfg = Debug|Any CPU
		{54BD27B0-8D0D-4CB7-99A9-9BFAEDD5293C}.Debug|Any CPU.Build.0 = Debug|Any CPU
		{54BD27B0-8D0D-4CB7-99A9-9BFAEDD5293C}.Release|Any CPU.ActiveCfg = Release|Any CPU
		{54BD27B0-8D0D-4CB7-99A9-9BFAEDD5293C}.Release|Any CPU.Build.0 = Release|Any CPU
		{625C0579-D019-4C63-9C2F-8D917A137E38}.Debug|Any CPU.ActiveCfg = Debug|Any CPU
		{625C0579-D019-4C63-9C2F-8D917A137E38}.Debug|Any CPU.Build.0 = Debug|Any CPU
		{625C0579-D019-4C63-9C2F-8D917A137E38}.Release|Any CPU.ActiveCfg = Release|Any CPU
		{625C0579-D019-4C63-9C2F-8D917A137E38}.Release|Any CPU.Build.0 = Release|Any CPU
		{A09FE7DF-92DC-4ADC-B7FE-26E485313787}.Debug|Any CPU.ActiveCfg = Debug|Any CPU
		{A09FE7DF-92DC-4ADC-B7FE-26E485313787}.Debug|Any CPU.Build.0 = Debug|Any CPU
		{A09FE7DF-92DC-4ADC-B7FE-26E485313787}.Release|Any CPU.ActiveCfg = Release|Any CPU
		{A09FE7DF-92DC-4ADC-B7FE-26E485313787}.Release|Any CPU.Build.0 = Release|Any CPU
		{8EAC0D30-37BD-4490-AA76-9B75A5156B18}.Debug|Any CPU.ActiveCfg = Debug|Any CPU
		{8EAC0D30-37BD-4490-AA76-9B75A5156B18}.Debug|Any CPU.Build.0 = Debug|Any CPU
		{8EAC0D30-37BD-4490-AA76-9B75A5156B18}.Release|Any CPU.ActiveCfg = Release|Any CPU
		{8EAC0D30-37BD-4490-AA76-9B75A5156B18}.Release|Any CPU.Build.0 = Release|Any CPU
		{FC2DD431-02F8-48B6-B64E-EEBD1B8D21A5}.Debug|Any CPU.ActiveCfg = Debug|Any CPU
		{FC2DD431-02F8-48B6-B64E-EEBD1B8D21A5}.Debug|Any CPU.Build.0 = Debug|Any CPU
		{FC2DD431-02F8-48B6-B64E-EEBD1B8D21A5}.Release|Any CPU.ActiveCfg = Release|Any CPU
		{FC2DD431-02F8-48B6-B64E-EEBD1B8D21A5}.Release|Any CPU.Build.0 = Release|Any CPU
		{E954313C-E4DD-43FB-91D4-DD3049DE065A}.Debug|Any CPU.ActiveCfg = Debug|Any CPU
		{E954313C-E4DD-43FB-91D4-DD3049DE065A}.Debug|Any CPU.Build.0 = Debug|Any CPU
		{E954313C-E4DD-43FB-91D4-DD3049DE065A}.Release|Any CPU.ActiveCfg = Release|Any CPU
		{E954313C-E4DD-43FB-91D4-DD3049DE065A}.Release|Any CPU.Build.0 = Release|Any CPU
		{309A1695-60BF-4032-B863-6536CD637167}.Debug|Any CPU.ActiveCfg = Debug|Any CPU
		{309A1695-60BF-4032-B863-6536CD637167}.Debug|Any CPU.Build.0 = Debug|Any CPU
		{309A1695-60BF-4032-B863-6536CD637167}.Release|Any CPU.ActiveCfg = Release|Any CPU
		{309A1695-60BF-4032-B863-6536CD637167}.Release|Any CPU.Build.0 = Release|Any CPU
		{FEFB248F-1C47-4243-92A0-9B97F1819BDC}.Debug|Any CPU.ActiveCfg = Debug|Any CPU
		{FEFB248F-1C47-4243-92A0-9B97F1819BDC}.Debug|Any CPU.Build.0 = Debug|Any CPU
		{FEFB248F-1C47-4243-92A0-9B97F1819BDC}.Release|Any CPU.ActiveCfg = Release|Any CPU
		{FEFB248F-1C47-4243-92A0-9B97F1819BDC}.Release|Any CPU.Build.0 = Release|Any CPU
		{811BD7D1-C963-4C0A-A609-85FC11032094}.Debug|Any CPU.ActiveCfg = Debug|Any CPU
		{811BD7D1-C963-4C0A-A609-85FC11032094}.Debug|Any CPU.Build.0 = Debug|Any CPU
		{811BD7D1-C963-4C0A-A609-85FC11032094}.Release|Any CPU.ActiveCfg = Release|Any CPU
		{811BD7D1-C963-4C0A-A609-85FC11032094}.Release|Any CPU.Build.0 = Release|Any CPU
		{48A093A1-2931-4C22-A382-BB7516D8448F}.Debug|Any CPU.ActiveCfg = Debug|Any CPU
		{48A093A1-2931-4C22-A382-BB7516D8448F}.Debug|Any CPU.Build.0 = Debug|Any CPU
		{48A093A1-2931-4C22-A382-BB7516D8448F}.Release|Any CPU.ActiveCfg = Release|Any CPU
		{48A093A1-2931-4C22-A382-BB7516D8448F}.Release|Any CPU.Build.0 = Release|Any CPU
		{FBDDFDAF-2600-48B1-9C86-6BCBF0375EA5}.Debug|Any CPU.ActiveCfg = Debug|Any CPU
		{FBDDFDAF-2600-48B1-9C86-6BCBF0375EA5}.Debug|Any CPU.Build.0 = Debug|Any CPU
		{FBDDFDAF-2600-48B1-9C86-6BCBF0375EA5}.Release|Any CPU.ActiveCfg = Release|Any CPU
		{FBDDFDAF-2600-48B1-9C86-6BCBF0375EA5}.Release|Any CPU.Build.0 = Release|Any CPU
		{89A84FC1-C0A1-488B-9515-5559DC7511BB}.Debug|Any CPU.ActiveCfg = Debug|Any CPU
		{89A84FC1-C0A1-488B-9515-5559DC7511BB}.Debug|Any CPU.Build.0 = Debug|Any CPU
		{89A84FC1-C0A1-488B-9515-5559DC7511BB}.Release|Any CPU.ActiveCfg = Release|Any CPU
		{89A84FC1-C0A1-488B-9515-5559DC7511BB}.Release|Any CPU.Build.0 = Release|Any CPU
		{DCBE09C0-4E4A-4B7F-A981-BBF85979D533}.Debug|Any CPU.ActiveCfg = Debug|Any CPU
		{DCBE09C0-4E4A-4B7F-A981-BBF85979D533}.Debug|Any CPU.Build.0 = Debug|Any CPU
		{DCBE09C0-4E4A-4B7F-A981-BBF85979D533}.Release|Any CPU.ActiveCfg = Release|Any CPU
		{DCBE09C0-4E4A-4B7F-A981-BBF85979D533}.Release|Any CPU.Build.0 = Release|Any CPU
		{445BBAA9-3A0E-4A33-9CB9-870872C6D5D1}.Debug|Any CPU.ActiveCfg = Debug|Any CPU
		{445BBAA9-3A0E-4A33-9CB9-870872C6D5D1}.Debug|Any CPU.Build.0 = Debug|Any CPU
		{445BBAA9-3A0E-4A33-9CB9-870872C6D5D1}.Release|Any CPU.ActiveCfg = Release|Any CPU
		{445BBAA9-3A0E-4A33-9CB9-870872C6D5D1}.Release|Any CPU.Build.0 = Release|Any CPU
		{18CD7B80-BC40-4607-BB87-26373189BB9A}.Debug|Any CPU.ActiveCfg = Debug|Any CPU
		{18CD7B80-BC40-4607-BB87-26373189BB9A}.Debug|Any CPU.Build.0 = Debug|Any CPU
		{18CD7B80-BC40-4607-BB87-26373189BB9A}.Release|Any CPU.ActiveCfg = Release|Any CPU
		{18CD7B80-BC40-4607-BB87-26373189BB9A}.Release|Any CPU.Build.0 = Release|Any CPU
		{4AE52CBC-4BEC-4C1B-9957-391CAFAC22D1}.Debug|Any CPU.ActiveCfg = Debug|Any CPU
		{4AE52CBC-4BEC-4C1B-9957-391CAFAC22D1}.Debug|Any CPU.Build.0 = Debug|Any CPU
		{4AE52CBC-4BEC-4C1B-9957-391CAFAC22D1}.Release|Any CPU.ActiveCfg = Release|Any CPU
		{4AE52CBC-4BEC-4C1B-9957-391CAFAC22D1}.Release|Any CPU.Build.0 = Release|Any CPU
		{A4DCD84F-0B53-476A-B905-F301A53C8FF4}.Debug|Any CPU.ActiveCfg = Debug|Any CPU
		{A4DCD84F-0B53-476A-B905-F301A53C8FF4}.Debug|Any CPU.Build.0 = Debug|Any CPU
		{A4DCD84F-0B53-476A-B905-F301A53C8FF4}.Release|Any CPU.ActiveCfg = Release|Any CPU
		{A4DCD84F-0B53-476A-B905-F301A53C8FF4}.Release|Any CPU.Build.0 = Release|Any CPU
		{18AB23D4-E5B6-47E9-944D-22396A1C0FC8}.Debug|Any CPU.ActiveCfg = Debug|Any CPU
		{18AB23D4-E5B6-47E9-944D-22396A1C0FC8}.Debug|Any CPU.Build.0 = Debug|Any CPU
		{18AB23D4-E5B6-47E9-944D-22396A1C0FC8}.Release|Any CPU.ActiveCfg = Release|Any CPU
		{18AB23D4-E5B6-47E9-944D-22396A1C0FC8}.Release|Any CPU.Build.0 = Release|Any CPU
		{42DDE401-0B7C-459E-9591-F50ED949F9B6}.Debug|Any CPU.ActiveCfg = Debug|Any CPU
		{42DDE401-0B7C-459E-9591-F50ED949F9B6}.Debug|Any CPU.Build.0 = Debug|Any CPU
		{42DDE401-0B7C-459E-9591-F50ED949F9B6}.Release|Any CPU.ActiveCfg = Release|Any CPU
		{42DDE401-0B7C-459E-9591-F50ED949F9B6}.Release|Any CPU.Build.0 = Release|Any CPU
		{A97667DC-057D-401D-8D6C-925DFB6C7828}.Debug|Any CPU.ActiveCfg = Debug|Any CPU
		{A97667DC-057D-401D-8D6C-925DFB6C7828}.Debug|Any CPU.Build.0 = Debug|Any CPU
		{A97667DC-057D-401D-8D6C-925DFB6C7828}.Release|Any CPU.ActiveCfg = Release|Any CPU
		{A97667DC-057D-401D-8D6C-925DFB6C7828}.Release|Any CPU.Build.0 = Release|Any CPU
		{0C45C803-E6F3-4782-BEB8-9B5B14CC8795}.Debug|Any CPU.ActiveCfg = Debug|Any CPU
		{0C45C803-E6F3-4782-BEB8-9B5B14CC8795}.Debug|Any CPU.Build.0 = Debug|Any CPU
		{0C45C803-E6F3-4782-BEB8-9B5B14CC8795}.Release|Any CPU.ActiveCfg = Release|Any CPU
		{0C45C803-E6F3-4782-BEB8-9B5B14CC8795}.Release|Any CPU.Build.0 = Release|Any CPU
		{F7E06113-90B2-463B-8098-481A757CE064}.Debug|Any CPU.ActiveCfg = Debug|Any CPU
		{F7E06113-90B2-463B-8098-481A757CE064}.Debug|Any CPU.Build.0 = Debug|Any CPU
		{F7E06113-90B2-463B-8098-481A757CE064}.Release|Any CPU.ActiveCfg = Release|Any CPU
		{F7E06113-90B2-463B-8098-481A757CE064}.Release|Any CPU.Build.0 = Release|Any CPU
		{10402E90-FA07-4C1E-9D6F-64AE9F149D07}.Debug|Any CPU.ActiveCfg = Debug|Any CPU
		{10402E90-FA07-4C1E-9D6F-64AE9F149D07}.Debug|Any CPU.Build.0 = Debug|Any CPU
		{10402E90-FA07-4C1E-9D6F-64AE9F149D07}.Release|Any CPU.ActiveCfg = Release|Any CPU
		{10402E90-FA07-4C1E-9D6F-64AE9F149D07}.Release|Any CPU.Build.0 = Release|Any CPU
		{681BF454-4097-421D-AE7E-A18A7C2BEA8F}.Debug|Any CPU.ActiveCfg = Debug|Any CPU
		{681BF454-4097-421D-AE7E-A18A7C2BEA8F}.Debug|Any CPU.Build.0 = Debug|Any CPU
		{681BF454-4097-421D-AE7E-A18A7C2BEA8F}.Release|Any CPU.ActiveCfg = Release|Any CPU
		{681BF454-4097-421D-AE7E-A18A7C2BEA8F}.Release|Any CPU.Build.0 = Release|Any CPU
		{4B32BBAB-1CE3-442E-BC2E-E2F06FC29B0E}.Debug|Any CPU.ActiveCfg = Debug|Any CPU
		{4B32BBAB-1CE3-442E-BC2E-E2F06FC29B0E}.Debug|Any CPU.Build.0 = Debug|Any CPU
		{4B32BBAB-1CE3-442E-BC2E-E2F06FC29B0E}.Release|Any CPU.ActiveCfg = Release|Any CPU
		{4B32BBAB-1CE3-442E-BC2E-E2F06FC29B0E}.Release|Any CPU.Build.0 = Release|Any CPU
		{ED323848-D322-4FC7-84EB-B07444CE049A}.Debug|Any CPU.ActiveCfg = Debug|Any CPU
		{ED323848-D322-4FC7-84EB-B07444CE049A}.Debug|Any CPU.Build.0 = Debug|Any CPU
		{ED323848-D322-4FC7-84EB-B07444CE049A}.Release|Any CPU.ActiveCfg = Release|Any CPU
		{ED323848-D322-4FC7-84EB-B07444CE049A}.Release|Any CPU.Build.0 = Release|Any CPU
		{1068AD05-38FB-46A3-A165-FD03E816BF65}.Debug|Any CPU.ActiveCfg = Debug|Any CPU
		{1068AD05-38FB-46A3-A165-FD03E816BF65}.Debug|Any CPU.Build.0 = Debug|Any CPU
		{1068AD05-38FB-46A3-A165-FD03E816BF65}.Release|Any CPU.ActiveCfg = Release|Any CPU
		{1068AD05-38FB-46A3-A165-FD03E816BF65}.Release|Any CPU.Build.0 = Release|Any CPU
		{3BE78A65-1156-4634-BF73-50720D2F41CB}.Debug|Any CPU.ActiveCfg = Debug|Any CPU
		{3BE78A65-1156-4634-BF73-50720D2F41CB}.Debug|Any CPU.Build.0 = Debug|Any CPU
		{3BE78A65-1156-4634-BF73-50720D2F41CB}.Release|Any CPU.ActiveCfg = Release|Any CPU
		{3BE78A65-1156-4634-BF73-50720D2F41CB}.Release|Any CPU.Build.0 = Release|Any CPU
		{9E0C5C2E-BCEC-4F2E-96F3-A36B3CAEBC0E}.Debug|Any CPU.ActiveCfg = Debug|Any CPU
		{9E0C5C2E-BCEC-4F2E-96F3-A36B3CAEBC0E}.Debug|Any CPU.Build.0 = Debug|Any CPU
		{9E0C5C2E-BCEC-4F2E-96F3-A36B3CAEBC0E}.Release|Any CPU.ActiveCfg = Release|Any CPU
		{9E0C5C2E-BCEC-4F2E-96F3-A36B3CAEBC0E}.Release|Any CPU.Build.0 = Release|Any CPU
		{23AE03E1-A60C-409D-A681-E71B2E7693E6}.Debug|Any CPU.ActiveCfg = Debug|Any CPU
		{23AE03E1-A60C-409D-A681-E71B2E7693E6}.Debug|Any CPU.Build.0 = Debug|Any CPU
		{23AE03E1-A60C-409D-A681-E71B2E7693E6}.Release|Any CPU.ActiveCfg = Release|Any CPU
		{23AE03E1-A60C-409D-A681-E71B2E7693E6}.Release|Any CPU.Build.0 = Release|Any CPU
		{1FABE489-D0B6-4859-85B6-C6CA3E7B4F9F}.Debug|Any CPU.ActiveCfg = Debug|Any CPU
		{1FABE489-D0B6-4859-85B6-C6CA3E7B4F9F}.Debug|Any CPU.Build.0 = Debug|Any CPU
		{1FABE489-D0B6-4859-85B6-C6CA3E7B4F9F}.Release|Any CPU.ActiveCfg = Release|Any CPU
		{1FABE489-D0B6-4859-85B6-C6CA3E7B4F9F}.Release|Any CPU.Build.0 = Release|Any CPU
		{7E495917-0131-4F0F-A950-ECDD1B9B10A7}.Debug|Any CPU.ActiveCfg = Debug|Any CPU
		{7E495917-0131-4F0F-A950-ECDD1B9B10A7}.Debug|Any CPU.Build.0 = Debug|Any CPU
		{7E495917-0131-4F0F-A950-ECDD1B9B10A7}.Release|Any CPU.ActiveCfg = Release|Any CPU
		{7E495917-0131-4F0F-A950-ECDD1B9B10A7}.Release|Any CPU.Build.0 = Release|Any CPU
		{2A94D0EA-C0CE-446C-87CF-DF87FDBE1DC4}.Debug|Any CPU.ActiveCfg = Debug|Any CPU
		{2A94D0EA-C0CE-446C-87CF-DF87FDBE1DC4}.Debug|Any CPU.Build.0 = Debug|Any CPU
		{2A94D0EA-C0CE-446C-87CF-DF87FDBE1DC4}.Release|Any CPU.ActiveCfg = Release|Any CPU
		{2A94D0EA-C0CE-446C-87CF-DF87FDBE1DC4}.Release|Any CPU.Build.0 = Release|Any CPU
		{0DD7B544-AD17-46CF-82E6-87DEC653AAD7}.Debug|Any CPU.ActiveCfg = Debug|Any CPU
		{0DD7B544-AD17-46CF-82E6-87DEC653AAD7}.Debug|Any CPU.Build.0 = Debug|Any CPU
		{0DD7B544-AD17-46CF-82E6-87DEC653AAD7}.Release|Any CPU.ActiveCfg = Release|Any CPU
		{0DD7B544-AD17-46CF-82E6-87DEC653AAD7}.Release|Any CPU.Build.0 = Release|Any CPU
		{1853514F-6451-473B-8D33-33D81E90444B}.Debug|Any CPU.ActiveCfg = Debug|Any CPU
		{1853514F-6451-473B-8D33-33D81E90444B}.Debug|Any CPU.Build.0 = Debug|Any CPU
		{1853514F-6451-473B-8D33-33D81E90444B}.Release|Any CPU.ActiveCfg = Release|Any CPU
		{1853514F-6451-473B-8D33-33D81E90444B}.Release|Any CPU.Build.0 = Release|Any CPU
		{D4C6605A-9F91-4A3F-89E1-B1FF33077613}.Debug|Any CPU.ActiveCfg = Debug|Any CPU
		{D4C6605A-9F91-4A3F-89E1-B1FF33077613}.Debug|Any CPU.Build.0 = Debug|Any CPU
		{D4C6605A-9F91-4A3F-89E1-B1FF33077613}.Release|Any CPU.ActiveCfg = Release|Any CPU
		{D4C6605A-9F91-4A3F-89E1-B1FF33077613}.Release|Any CPU.Build.0 = Release|Any CPU
		{82A56674-4003-4977-8DA9-11A8BC154198}.Debug|Any CPU.ActiveCfg = Debug|Any CPU
		{82A56674-4003-4977-8DA9-11A8BC154198}.Debug|Any CPU.Build.0 = Debug|Any CPU
		{82A56674-4003-4977-8DA9-11A8BC154198}.Release|Any CPU.ActiveCfg = Release|Any CPU
		{82A56674-4003-4977-8DA9-11A8BC154198}.Release|Any CPU.Build.0 = Release|Any CPU
		{E391B891-EFCB-4810-9B04-43E21799EAE1}.Debug|Any CPU.ActiveCfg = Debug|Any CPU
		{E391B891-EFCB-4810-9B04-43E21799EAE1}.Debug|Any CPU.Build.0 = Debug|Any CPU
		{E391B891-EFCB-4810-9B04-43E21799EAE1}.Release|Any CPU.ActiveCfg = Release|Any CPU
		{E391B891-EFCB-4810-9B04-43E21799EAE1}.Release|Any CPU.Build.0 = Release|Any CPU
		{B8F21BC1-BB21-4CFE-890D-BE7CC6044D33}.Debug|Any CPU.ActiveCfg = Debug|Any CPU
		{B8F21BC1-BB21-4CFE-890D-BE7CC6044D33}.Debug|Any CPU.Build.0 = Debug|Any CPU
		{B8F21BC1-BB21-4CFE-890D-BE7CC6044D33}.Release|Any CPU.ActiveCfg = Release|Any CPU
		{B8F21BC1-BB21-4CFE-890D-BE7CC6044D33}.Release|Any CPU.Build.0 = Release|Any CPU
		{A0FBC9FA-02E3-48F0-9FB8-18E03E905E8E}.Debug|Any CPU.ActiveCfg = Debug|Any CPU
		{A0FBC9FA-02E3-48F0-9FB8-18E03E905E8E}.Debug|Any CPU.Build.0 = Debug|Any CPU
		{A0FBC9FA-02E3-48F0-9FB8-18E03E905E8E}.Release|Any CPU.ActiveCfg = Release|Any CPU
		{A0FBC9FA-02E3-48F0-9FB8-18E03E905E8E}.Release|Any CPU.Build.0 = Release|Any CPU
		{657DBBD0-132F-4260-BF49-DF7A9607F9FA}.Debug|Any CPU.ActiveCfg = Debug|Any CPU
		{657DBBD0-132F-4260-BF49-DF7A9607F9FA}.Debug|Any CPU.Build.0 = Debug|Any CPU
		{657DBBD0-132F-4260-BF49-DF7A9607F9FA}.Release|Any CPU.ActiveCfg = Release|Any CPU
		{657DBBD0-132F-4260-BF49-DF7A9607F9FA}.Release|Any CPU.Build.0 = Release|Any CPU
		{2EC50CAA-D3F2-4977-A796-F33F7381A487}.Debug|Any CPU.ActiveCfg = Debug|Any CPU
		{2EC50CAA-D3F2-4977-A796-F33F7381A487}.Debug|Any CPU.Build.0 = Debug|Any CPU
		{2EC50CAA-D3F2-4977-A796-F33F7381A487}.Release|Any CPU.ActiveCfg = Release|Any CPU
		{2EC50CAA-D3F2-4977-A796-F33F7381A487}.Release|Any CPU.Build.0 = Release|Any CPU
		{9233A0B0-1AB9-4E36-8DA0-F0B6870A7C59}.Debug|Any CPU.ActiveCfg = Debug|Any CPU
		{9233A0B0-1AB9-4E36-8DA0-F0B6870A7C59}.Debug|Any CPU.Build.0 = Debug|Any CPU
		{9233A0B0-1AB9-4E36-8DA0-F0B6870A7C59}.Release|Any CPU.ActiveCfg = Release|Any CPU
		{9233A0B0-1AB9-4E36-8DA0-F0B6870A7C59}.Release|Any CPU.Build.0 = Release|Any CPU
		{8D9F2C97-C0AD-4F9D-B8F0-EF2263348572}.Debug|Any CPU.ActiveCfg = Debug|Any CPU
		{8D9F2C97-C0AD-4F9D-B8F0-EF2263348572}.Debug|Any CPU.Build.0 = Debug|Any CPU
		{8D9F2C97-C0AD-4F9D-B8F0-EF2263348572}.Release|Any CPU.ActiveCfg = Release|Any CPU
		{8D9F2C97-C0AD-4F9D-B8F0-EF2263348572}.Release|Any CPU.Build.0 = Release|Any CPU
		{CBDC8755-05A1-4168-B128-2D681F67DBB9}.Debug|Any CPU.ActiveCfg = Debug|Any CPU
		{CBDC8755-05A1-4168-B128-2D681F67DBB9}.Debug|Any CPU.Build.0 = Debug|Any CPU
		{CBDC8755-05A1-4168-B128-2D681F67DBB9}.Release|Any CPU.ActiveCfg = Release|Any CPU
		{CBDC8755-05A1-4168-B128-2D681F67DBB9}.Release|Any CPU.Build.0 = Release|Any CPU
		{39802C4F-A8B0-49A2-8C9C-B90FC9710DCC}.Debug|Any CPU.ActiveCfg = Debug|Any CPU
		{39802C4F-A8B0-49A2-8C9C-B90FC9710DCC}.Debug|Any CPU.Build.0 = Debug|Any CPU
		{39802C4F-A8B0-49A2-8C9C-B90FC9710DCC}.Release|Any CPU.ActiveCfg = Release|Any CPU
		{39802C4F-A8B0-49A2-8C9C-B90FC9710DCC}.Release|Any CPU.Build.0 = Release|Any CPU
		{1F2A4D3F-5288-4A62-A429-D26F1CBD5435}.Debug|Any CPU.ActiveCfg = Debug|Any CPU
		{1F2A4D3F-5288-4A62-A429-D26F1CBD5435}.Debug|Any CPU.Build.0 = Debug|Any CPU
		{1F2A4D3F-5288-4A62-A429-D26F1CBD5435}.Release|Any CPU.ActiveCfg = Release|Any CPU
		{1F2A4D3F-5288-4A62-A429-D26F1CBD5435}.Release|Any CPU.Build.0 = Release|Any CPU
		{EFA37F35-2A9F-4284-8F2D-5D2D6946AEC3}.Debug|Any CPU.ActiveCfg = Debug|Any CPU
		{EFA37F35-2A9F-4284-8F2D-5D2D6946AEC3}.Debug|Any CPU.Build.0 = Debug|Any CPU
		{EFA37F35-2A9F-4284-8F2D-5D2D6946AEC3}.Release|Any CPU.ActiveCfg = Release|Any CPU
		{EFA37F35-2A9F-4284-8F2D-5D2D6946AEC3}.Release|Any CPU.Build.0 = Release|Any CPU
		{5AD9A73D-CB22-4678-893B-815F0293CAFE}.Debug|Any CPU.ActiveCfg = Debug|Any CPU
		{5AD9A73D-CB22-4678-893B-815F0293CAFE}.Debug|Any CPU.Build.0 = Debug|Any CPU
		{5AD9A73D-CB22-4678-893B-815F0293CAFE}.Release|Any CPU.ActiveCfg = Release|Any CPU
		{5AD9A73D-CB22-4678-893B-815F0293CAFE}.Release|Any CPU.Build.0 = Release|Any CPU
		{7A2FFF99-9A5A-47E3-97A8-5B7134CB7277}.Debug|Any CPU.ActiveCfg = Debug|Any CPU
		{7A2FFF99-9A5A-47E3-97A8-5B7134CB7277}.Debug|Any CPU.Build.0 = Debug|Any CPU
		{7A2FFF99-9A5A-47E3-97A8-5B7134CB7277}.Release|Any CPU.ActiveCfg = Release|Any CPU
		{7A2FFF99-9A5A-47E3-97A8-5B7134CB7277}.Release|Any CPU.Build.0 = Release|Any CPU
		{9F7D4A35-78BC-46B0-BA40-73DD3E154772}.Debug|Any CPU.ActiveCfg = Debug|Any CPU
		{9F7D4A35-78BC-46B0-BA40-73DD3E154772}.Debug|Any CPU.Build.0 = Debug|Any CPU
		{9F7D4A35-78BC-46B0-BA40-73DD3E154772}.Release|Any CPU.ActiveCfg = Release|Any CPU
		{9F7D4A35-78BC-46B0-BA40-73DD3E154772}.Release|Any CPU.Build.0 = Release|Any CPU
		{7CF92B27-F1D3-42F3-984B-7CCA65507528}.Debug|Any CPU.ActiveCfg = Debug|Any CPU
		{7CF92B27-F1D3-42F3-984B-7CCA65507528}.Debug|Any CPU.Build.0 = Debug|Any CPU
		{7CF92B27-F1D3-42F3-984B-7CCA65507528}.Release|Any CPU.ActiveCfg = Release|Any CPU
		{7CF92B27-F1D3-42F3-984B-7CCA65507528}.Release|Any CPU.Build.0 = Release|Any CPU
		{CC2B9623-9AD4-4540-ACE7-DBD81C45D34B}.Debug|Any CPU.ActiveCfg = Debug|Any CPU
		{CC2B9623-9AD4-4540-ACE7-DBD81C45D34B}.Debug|Any CPU.Build.0 = Debug|Any CPU
		{CC2B9623-9AD4-4540-ACE7-DBD81C45D34B}.Release|Any CPU.ActiveCfg = Release|Any CPU
		{CC2B9623-9AD4-4540-ACE7-DBD81C45D34B}.Release|Any CPU.Build.0 = Release|Any CPU
		{35F32CD5-A4EC-418C-B5F8-24D7E4FD22DB}.Debug|Any CPU.ActiveCfg = Debug|Any CPU
		{35F32CD5-A4EC-418C-B5F8-24D7E4FD22DB}.Debug|Any CPU.Build.0 = Debug|Any CPU
		{35F32CD5-A4EC-418C-B5F8-24D7E4FD22DB}.Release|Any CPU.ActiveCfg = Release|Any CPU
		{35F32CD5-A4EC-418C-B5F8-24D7E4FD22DB}.Release|Any CPU.Build.0 = Release|Any CPU
		{72FCCB40-0C07-4927-A460-AA413A9B293C}.Debug|Any CPU.ActiveCfg = Debug|Any CPU
		{72FCCB40-0C07-4927-A460-AA413A9B293C}.Debug|Any CPU.Build.0 = Debug|Any CPU
		{72FCCB40-0C07-4927-A460-AA413A9B293C}.Release|Any CPU.ActiveCfg = Release|Any CPU
		{72FCCB40-0C07-4927-A460-AA413A9B293C}.Release|Any CPU.Build.0 = Release|Any CPU
		{0F1A6C24-F492-4916-8628-9F2BFD3DFDEB}.Debug|Any CPU.ActiveCfg = Debug|Any CPU
		{0F1A6C24-F492-4916-8628-9F2BFD3DFDEB}.Debug|Any CPU.Build.0 = Debug|Any CPU
		{0F1A6C24-F492-4916-8628-9F2BFD3DFDEB}.Release|Any CPU.ActiveCfg = Release|Any CPU
		{0F1A6C24-F492-4916-8628-9F2BFD3DFDEB}.Release|Any CPU.Build.0 = Release|Any CPU
		{AD586DA8-949D-4F7B-A02E-8335F33918D1}.Debug|Any CPU.ActiveCfg = Debug|Any CPU
		{AD586DA8-949D-4F7B-A02E-8335F33918D1}.Debug|Any CPU.Build.0 = Debug|Any CPU
		{AD586DA8-949D-4F7B-A02E-8335F33918D1}.Release|Any CPU.ActiveCfg = Release|Any CPU
		{AD586DA8-949D-4F7B-A02E-8335F33918D1}.Release|Any CPU.Build.0 = Release|Any CPU
		{C1C196FF-D521-4EBA-AF7D-4637D119E990}.Debug|Any CPU.ActiveCfg = Debug|Any CPU
		{C1C196FF-D521-4EBA-AF7D-4637D119E990}.Debug|Any CPU.Build.0 = Debug|Any CPU
		{C1C196FF-D521-4EBA-AF7D-4637D119E990}.Release|Any CPU.ActiveCfg = Release|Any CPU
		{C1C196FF-D521-4EBA-AF7D-4637D119E990}.Release|Any CPU.Build.0 = Release|Any CPU
		{531F140B-B8EC-4B05-8D88-C150A5E9280B}.Debug|Any CPU.ActiveCfg = Debug|Any CPU
		{531F140B-B8EC-4B05-8D88-C150A5E9280B}.Debug|Any CPU.Build.0 = Debug|Any CPU
		{531F140B-B8EC-4B05-8D88-C150A5E9280B}.Release|Any CPU.ActiveCfg = Release|Any CPU
		{531F140B-B8EC-4B05-8D88-C150A5E9280B}.Release|Any CPU.Build.0 = Release|Any CPU
		{0AE47939-9860-427E-9FBF-E994CAB2E6BF}.Debug|Any CPU.ActiveCfg = Debug|Any CPU
		{0AE47939-9860-427E-9FBF-E994CAB2E6BF}.Debug|Any CPU.Build.0 = Debug|Any CPU
		{0AE47939-9860-427E-9FBF-E994CAB2E6BF}.Release|Any CPU.ActiveCfg = Release|Any CPU
		{0AE47939-9860-427E-9FBF-E994CAB2E6BF}.Release|Any CPU.Build.0 = Release|Any CPU
		{DF10C795-1AAA-446E-A5BD-6D70E3A84D36}.Debug|Any CPU.ActiveCfg = Debug|Any CPU
		{DF10C795-1AAA-446E-A5BD-6D70E3A84D36}.Debug|Any CPU.Build.0 = Debug|Any CPU
		{DF10C795-1AAA-446E-A5BD-6D70E3A84D36}.Release|Any CPU.ActiveCfg = Release|Any CPU
		{DF10C795-1AAA-446E-A5BD-6D70E3A84D36}.Release|Any CPU.Build.0 = Release|Any CPU
		{C325B42D-B844-4307-AE4F-A00F0AE7CDD6}.Debug|Any CPU.ActiveCfg = Debug|Any CPU
		{C325B42D-B844-4307-AE4F-A00F0AE7CDD6}.Debug|Any CPU.Build.0 = Debug|Any CPU
		{C325B42D-B844-4307-AE4F-A00F0AE7CDD6}.Release|Any CPU.ActiveCfg = Release|Any CPU
		{C325B42D-B844-4307-AE4F-A00F0AE7CDD6}.Release|Any CPU.Build.0 = Release|Any CPU
		{0535EDDD-1F16-42BB-B3CA-40BF0F6F79D4}.Debug|Any CPU.ActiveCfg = Debug|Any CPU
		{0535EDDD-1F16-42BB-B3CA-40BF0F6F79D4}.Debug|Any CPU.Build.0 = Debug|Any CPU
		{0535EDDD-1F16-42BB-B3CA-40BF0F6F79D4}.Release|Any CPU.ActiveCfg = Release|Any CPU
		{0535EDDD-1F16-42BB-B3CA-40BF0F6F79D4}.Release|Any CPU.Build.0 = Release|Any CPU
		{43271430-CB31-4051-AE2B-0D48C1A26963}.Debug|Any CPU.ActiveCfg = Debug|Any CPU
		{43271430-CB31-4051-AE2B-0D48C1A26963}.Debug|Any CPU.Build.0 = Debug|Any CPU
		{43271430-CB31-4051-AE2B-0D48C1A26963}.Release|Any CPU.ActiveCfg = Release|Any CPU
		{43271430-CB31-4051-AE2B-0D48C1A26963}.Release|Any CPU.Build.0 = Release|Any CPU
		{632E580F-5530-40AD-9134-AB9C3E699968}.Debug|Any CPU.ActiveCfg = Debug|Any CPU
		{632E580F-5530-40AD-9134-AB9C3E699968}.Debug|Any CPU.Build.0 = Debug|Any CPU
		{632E580F-5530-40AD-9134-AB9C3E699968}.Release|Any CPU.ActiveCfg = Release|Any CPU
		{632E580F-5530-40AD-9134-AB9C3E699968}.Release|Any CPU.Build.0 = Release|Any CPU
		{72B9E28A-B103-48B0-A0B6-3480491CDF8C}.Debug|Any CPU.ActiveCfg = Debug|Any CPU
		{72B9E28A-B103-48B0-A0B6-3480491CDF8C}.Debug|Any CPU.Build.0 = Debug|Any CPU
		{72B9E28A-B103-48B0-A0B6-3480491CDF8C}.Release|Any CPU.ActiveCfg = Release|Any CPU
		{72B9E28A-B103-48B0-A0B6-3480491CDF8C}.Release|Any CPU.Build.0 = Release|Any CPU
		{9A03D2B3-A19D-4DFD-8BAD-D29AEDB0BC60}.Debug|Any CPU.ActiveCfg = Debug|Any CPU
		{9A03D2B3-A19D-4DFD-8BAD-D29AEDB0BC60}.Debug|Any CPU.Build.0 = Debug|Any CPU
		{9A03D2B3-A19D-4DFD-8BAD-D29AEDB0BC60}.Release|Any CPU.ActiveCfg = Release|Any CPU
		{9A03D2B3-A19D-4DFD-8BAD-D29AEDB0BC60}.Release|Any CPU.Build.0 = Release|Any CPU
		{D15925B0-4031-42AB-A2CB-4416E71A3CB2}.Debug|Any CPU.ActiveCfg = Debug|Any CPU
		{D15925B0-4031-42AB-A2CB-4416E71A3CB2}.Debug|Any CPU.Build.0 = Debug|Any CPU
		{D15925B0-4031-42AB-A2CB-4416E71A3CB2}.Release|Any CPU.ActiveCfg = Release|Any CPU
		{D15925B0-4031-42AB-A2CB-4416E71A3CB2}.Release|Any CPU.Build.0 = Release|Any CPU
		{A325D0A8-F772-4D86-8BD3-41E33894D367}.Debug|Any CPU.ActiveCfg = Debug|Any CPU
		{A325D0A8-F772-4D86-8BD3-41E33894D367}.Debug|Any CPU.Build.0 = Debug|Any CPU
		{A325D0A8-F772-4D86-8BD3-41E33894D367}.Release|Any CPU.ActiveCfg = Release|Any CPU
		{A325D0A8-F772-4D86-8BD3-41E33894D367}.Release|Any CPU.Build.0 = Release|Any CPU
		{1BC622DE-023B-4DA6-955E-2B1A823B6E2F}.Debug|Any CPU.ActiveCfg = Debug|Any CPU
		{1BC622DE-023B-4DA6-955E-2B1A823B6E2F}.Debug|Any CPU.Build.0 = Debug|Any CPU
		{1BC622DE-023B-4DA6-955E-2B1A823B6E2F}.Release|Any CPU.ActiveCfg = Release|Any CPU
		{1BC622DE-023B-4DA6-955E-2B1A823B6E2F}.Release|Any CPU.Build.0 = Release|Any CPU
		{3FF49CBD-1FF7-4374-A69A-7A58A8129087}.Debug|Any CPU.ActiveCfg = Debug|Any CPU
		{3FF49CBD-1FF7-4374-A69A-7A58A8129087}.Debug|Any CPU.Build.0 = Debug|Any CPU
		{3FF49CBD-1FF7-4374-A69A-7A58A8129087}.Release|Any CPU.ActiveCfg = Release|Any CPU
		{3FF49CBD-1FF7-4374-A69A-7A58A8129087}.Release|Any CPU.Build.0 = Release|Any CPU
		{65ED4D17-4CBB-4F3F-9D24-4E57A5C44F96}.Debug|Any CPU.ActiveCfg = Debug|Any CPU
		{65ED4D17-4CBB-4F3F-9D24-4E57A5C44F96}.Debug|Any CPU.Build.0 = Debug|Any CPU
		{65ED4D17-4CBB-4F3F-9D24-4E57A5C44F96}.Release|Any CPU.ActiveCfg = Release|Any CPU
		{65ED4D17-4CBB-4F3F-9D24-4E57A5C44F96}.Release|Any CPU.Build.0 = Release|Any CPU
		{FCA58132-C042-422B-A450-8794D3854777}.Debug|Any CPU.ActiveCfg = Debug|Any CPU
		{FCA58132-C042-422B-A450-8794D3854777}.Debug|Any CPU.Build.0 = Debug|Any CPU
		{FCA58132-C042-422B-A450-8794D3854777}.Release|Any CPU.ActiveCfg = Release|Any CPU
		{FCA58132-C042-422B-A450-8794D3854777}.Release|Any CPU.Build.0 = Release|Any CPU
		{A87DF300-A484-4541-B1AF-E418B6AC13FB}.Debug|Any CPU.ActiveCfg = Debug|Any CPU
		{A87DF300-A484-4541-B1AF-E418B6AC13FB}.Debug|Any CPU.Build.0 = Debug|Any CPU
		{A87DF300-A484-4541-B1AF-E418B6AC13FB}.Release|Any CPU.ActiveCfg = Release|Any CPU
		{A87DF300-A484-4541-B1AF-E418B6AC13FB}.Release|Any CPU.Build.0 = Release|Any CPU
		{E463BB0B-2B8F-4AF1-9850-7C155CC8E61D}.Debug|Any CPU.ActiveCfg = Debug|Any CPU
		{E463BB0B-2B8F-4AF1-9850-7C155CC8E61D}.Debug|Any CPU.Build.0 = Debug|Any CPU
		{E463BB0B-2B8F-4AF1-9850-7C155CC8E61D}.Release|Any CPU.ActiveCfg = Release|Any CPU
		{E463BB0B-2B8F-4AF1-9850-7C155CC8E61D}.Release|Any CPU.Build.0 = Release|Any CPU
		{073FB429-5FA6-4BF8-8D31-851D1689C200}.Debug|Any CPU.ActiveCfg = Debug|Any CPU
		{073FB429-5FA6-4BF8-8D31-851D1689C200}.Debug|Any CPU.Build.0 = Debug|Any CPU
		{073FB429-5FA6-4BF8-8D31-851D1689C200}.Release|Any CPU.ActiveCfg = Release|Any CPU
		{073FB429-5FA6-4BF8-8D31-851D1689C200}.Release|Any CPU.Build.0 = Release|Any CPU
		{27B0B3F1-9416-418B-9ABB-CBCAD8EF2CBF}.Debug|Any CPU.ActiveCfg = Debug|Any CPU
		{27B0B3F1-9416-418B-9ABB-CBCAD8EF2CBF}.Debug|Any CPU.Build.0 = Debug|Any CPU
		{27B0B3F1-9416-418B-9ABB-CBCAD8EF2CBF}.Release|Any CPU.ActiveCfg = Release|Any CPU
		{27B0B3F1-9416-418B-9ABB-CBCAD8EF2CBF}.Release|Any CPU.Build.0 = Release|Any CPU
		{CB483141-64E2-4930-88FF-73383A30D280}.Debug|Any CPU.ActiveCfg = Debug|Any CPU
		{CB483141-64E2-4930-88FF-73383A30D280}.Debug|Any CPU.Build.0 = Debug|Any CPU
		{CB483141-64E2-4930-88FF-73383A30D280}.Release|Any CPU.ActiveCfg = Release|Any CPU
		{CB483141-64E2-4930-88FF-73383A30D280}.Release|Any CPU.Build.0 = Release|Any CPU
		{F1DB3152-3A41-440F-A13C-EE6D21A017A6}.Debug|Any CPU.ActiveCfg = Debug|Any CPU
		{F1DB3152-3A41-440F-A13C-EE6D21A017A6}.Debug|Any CPU.Build.0 = Debug|Any CPU
		{F1DB3152-3A41-440F-A13C-EE6D21A017A6}.Release|Any CPU.ActiveCfg = Release|Any CPU
		{F1DB3152-3A41-440F-A13C-EE6D21A017A6}.Release|Any CPU.Build.0 = Release|Any CPU
		{F5BDB90D-9978-42D1-808C-9DEF0865EE13}.Debug|Any CPU.ActiveCfg = Debug|Any CPU
		{F5BDB90D-9978-42D1-808C-9DEF0865EE13}.Debug|Any CPU.Build.0 = Debug|Any CPU
		{F5BDB90D-9978-42D1-808C-9DEF0865EE13}.Release|Any CPU.ActiveCfg = Release|Any CPU
		{F5BDB90D-9978-42D1-808C-9DEF0865EE13}.Release|Any CPU.Build.0 = Release|Any CPU
		{073521F1-F345-4185-B724-778AA5EACE92}.Debug|Any CPU.ActiveCfg = Debug|Any CPU
		{073521F1-F345-4185-B724-778AA5EACE92}.Debug|Any CPU.Build.0 = Debug|Any CPU
		{073521F1-F345-4185-B724-778AA5EACE92}.Release|Any CPU.ActiveCfg = Release|Any CPU
		{073521F1-F345-4185-B724-778AA5EACE92}.Release|Any CPU.Build.0 = Release|Any CPU
		{7C46AC48-873B-4AF9-939F-DA3046CC44A1}.Debug|Any CPU.ActiveCfg = Debug|Any CPU
		{7C46AC48-873B-4AF9-939F-DA3046CC44A1}.Debug|Any CPU.Build.0 = Debug|Any CPU
		{7C46AC48-873B-4AF9-939F-DA3046CC44A1}.Release|Any CPU.ActiveCfg = Release|Any CPU
		{7C46AC48-873B-4AF9-939F-DA3046CC44A1}.Release|Any CPU.Build.0 = Release|Any CPU
		{4A39A1BD-96E9-456A-8311-8478440DD9D6}.Debug|Any CPU.ActiveCfg = Debug|Any CPU
		{4A39A1BD-96E9-456A-8311-8478440DD9D6}.Debug|Any CPU.Build.0 = Debug|Any CPU
		{4A39A1BD-96E9-456A-8311-8478440DD9D6}.Release|Any CPU.ActiveCfg = Release|Any CPU
		{4A39A1BD-96E9-456A-8311-8478440DD9D6}.Release|Any CPU.Build.0 = Release|Any CPU
		{A63F8E27-E157-4842-8880-1803D337165B}.Debug|Any CPU.ActiveCfg = Debug|Any CPU
		{A63F8E27-E157-4842-8880-1803D337165B}.Debug|Any CPU.Build.0 = Debug|Any CPU
		{A63F8E27-E157-4842-8880-1803D337165B}.Release|Any CPU.ActiveCfg = Release|Any CPU
		{A63F8E27-E157-4842-8880-1803D337165B}.Release|Any CPU.Build.0 = Release|Any CPU
		{95A99FF4-5EA2-49E2-8092-4EAF78D0DE41}.Debug|Any CPU.ActiveCfg = Debug|Any CPU
		{95A99FF4-5EA2-49E2-8092-4EAF78D0DE41}.Debug|Any CPU.Build.0 = Debug|Any CPU
		{95A99FF4-5EA2-49E2-8092-4EAF78D0DE41}.Release|Any CPU.ActiveCfg = Release|Any CPU
		{95A99FF4-5EA2-49E2-8092-4EAF78D0DE41}.Release|Any CPU.Build.0 = Release|Any CPU
		{8EED7850-A38D-4565-819B-B8A3A1CE3BA3}.Debug|Any CPU.ActiveCfg = Debug|Any CPU
		{8EED7850-A38D-4565-819B-B8A3A1CE3BA3}.Debug|Any CPU.Build.0 = Debug|Any CPU
		{8EED7850-A38D-4565-819B-B8A3A1CE3BA3}.Release|Any CPU.ActiveCfg = Release|Any CPU
		{8EED7850-A38D-4565-819B-B8A3A1CE3BA3}.Release|Any CPU.Build.0 = Release|Any CPU
		{32D91170-F6D2-4DBF-B8F2-9C047A02CE53}.Debug|Any CPU.ActiveCfg = Debug|Any CPU
		{32D91170-F6D2-4DBF-B8F2-9C047A02CE53}.Debug|Any CPU.Build.0 = Debug|Any CPU
		{32D91170-F6D2-4DBF-B8F2-9C047A02CE53}.Release|Any CPU.ActiveCfg = Release|Any CPU
		{32D91170-F6D2-4DBF-B8F2-9C047A02CE53}.Release|Any CPU.Build.0 = Release|Any CPU
		{C471F97D-CC63-41F4-B8F4-5CBDB5A1E876}.Debug|Any CPU.ActiveCfg = Debug|Any CPU
		{C471F97D-CC63-41F4-B8F4-5CBDB5A1E876}.Debug|Any CPU.Build.0 = Debug|Any CPU
		{C471F97D-CC63-41F4-B8F4-5CBDB5A1E876}.Release|Any CPU.ActiveCfg = Release|Any CPU
		{C471F97D-CC63-41F4-B8F4-5CBDB5A1E876}.Release|Any CPU.Build.0 = Release|Any CPU
		{8246476E-C88A-446F-AD78-CFBBEDB9E6CE}.Debug|Any CPU.ActiveCfg = Debug|Any CPU
		{8246476E-C88A-446F-AD78-CFBBEDB9E6CE}.Debug|Any CPU.Build.0 = Debug|Any CPU
		{8246476E-C88A-446F-AD78-CFBBEDB9E6CE}.Release|Any CPU.ActiveCfg = Release|Any CPU
		{8246476E-C88A-446F-AD78-CFBBEDB9E6CE}.Release|Any CPU.Build.0 = Release|Any CPU
		{F1117BBB-B6A1-40BA-873C-2D0037FDE322}.Debug|Any CPU.ActiveCfg = Debug|Any CPU
		{F1117BBB-B6A1-40BA-873C-2D0037FDE322}.Debug|Any CPU.Build.0 = Debug|Any CPU
		{F1117BBB-B6A1-40BA-873C-2D0037FDE322}.Release|Any CPU.ActiveCfg = Release|Any CPU
		{F1117BBB-B6A1-40BA-873C-2D0037FDE322}.Release|Any CPU.Build.0 = Release|Any CPU
		{C9AB93CC-3BC3-46FB-8FC1-13080099611E}.Debug|Any CPU.ActiveCfg = Debug|Any CPU
		{C9AB93CC-3BC3-46FB-8FC1-13080099611E}.Debug|Any CPU.Build.0 = Debug|Any CPU
		{C9AB93CC-3BC3-46FB-8FC1-13080099611E}.Release|Any CPU.ActiveCfg = Release|Any CPU
		{C9AB93CC-3BC3-46FB-8FC1-13080099611E}.Release|Any CPU.Build.0 = Release|Any CPU
		{33CA1853-FED4-4974-A77F-44A5547B207D}.Debug|Any CPU.ActiveCfg = Debug|Any CPU
		{33CA1853-FED4-4974-A77F-44A5547B207D}.Debug|Any CPU.Build.0 = Debug|Any CPU
		{33CA1853-FED4-4974-A77F-44A5547B207D}.Release|Any CPU.ActiveCfg = Release|Any CPU
		{33CA1853-FED4-4974-A77F-44A5547B207D}.Release|Any CPU.Build.0 = Release|Any CPU
		{0EB663AD-889B-441A-8245-0BE7A5F347E1}.Debug|Any CPU.ActiveCfg = Debug|Any CPU
		{0EB663AD-889B-441A-8245-0BE7A5F347E1}.Debug|Any CPU.Build.0 = Debug|Any CPU
		{0EB663AD-889B-441A-8245-0BE7A5F347E1}.Release|Any CPU.ActiveCfg = Release|Any CPU
		{0EB663AD-889B-441A-8245-0BE7A5F347E1}.Release|Any CPU.Build.0 = Release|Any CPU
		{497D6740-8692-4FAB-BB11-C2232A66ED60}.Debug|Any CPU.ActiveCfg = Debug|Any CPU
		{497D6740-8692-4FAB-BB11-C2232A66ED60}.Debug|Any CPU.Build.0 = Debug|Any CPU
		{497D6740-8692-4FAB-BB11-C2232A66ED60}.Release|Any CPU.ActiveCfg = Release|Any CPU
		{497D6740-8692-4FAB-BB11-C2232A66ED60}.Release|Any CPU.Build.0 = Release|Any CPU
		{8348ED08-86F0-4FA5-B7CC-7DEAD7CF84BC}.Debug|Any CPU.ActiveCfg = Debug|Any CPU
		{8348ED08-86F0-4FA5-B7CC-7DEAD7CF84BC}.Debug|Any CPU.Build.0 = Debug|Any CPU
		{8348ED08-86F0-4FA5-B7CC-7DEAD7CF84BC}.Release|Any CPU.ActiveCfg = Release|Any CPU
		{8348ED08-86F0-4FA5-B7CC-7DEAD7CF84BC}.Release|Any CPU.Build.0 = Release|Any CPU
		{DA098DBA-2401-4F60-AE96-0CAD2AD4596D}.Debug|Any CPU.ActiveCfg = Debug|Any CPU
		{DA098DBA-2401-4F60-AE96-0CAD2AD4596D}.Debug|Any CPU.Build.0 = Debug|Any CPU
		{DA098DBA-2401-4F60-AE96-0CAD2AD4596D}.Release|Any CPU.ActiveCfg = Release|Any CPU
		{DA098DBA-2401-4F60-AE96-0CAD2AD4596D}.Release|Any CPU.Build.0 = Release|Any CPU
		{BDC054C9-FD20-4593-830E-15DA54F98AFB}.Debug|Any CPU.ActiveCfg = Debug|Any CPU
		{BDC054C9-FD20-4593-830E-15DA54F98AFB}.Debug|Any CPU.Build.0 = Debug|Any CPU
		{BDC054C9-FD20-4593-830E-15DA54F98AFB}.Release|Any CPU.ActiveCfg = Release|Any CPU
		{BDC054C9-FD20-4593-830E-15DA54F98AFB}.Release|Any CPU.Build.0 = Release|Any CPU
		{37D6A95C-4DBF-4A43-BEF7-2421EABE961A}.Debug|Any CPU.ActiveCfg = Debug|Any CPU
		{37D6A95C-4DBF-4A43-BEF7-2421EABE961A}.Debug|Any CPU.Build.0 = Debug|Any CPU
		{37D6A95C-4DBF-4A43-BEF7-2421EABE961A}.Release|Any CPU.ActiveCfg = Release|Any CPU
		{37D6A95C-4DBF-4A43-BEF7-2421EABE961A}.Release|Any CPU.Build.0 = Release|Any CPU
		{FBAE267B-4C34-4104-832A-02C0A295E453}.Debug|Any CPU.ActiveCfg = Debug|Any CPU
		{FBAE267B-4C34-4104-832A-02C0A295E453}.Debug|Any CPU.Build.0 = Debug|Any CPU
		{FBAE267B-4C34-4104-832A-02C0A295E453}.Release|Any CPU.ActiveCfg = Release|Any CPU
		{FBAE267B-4C34-4104-832A-02C0A295E453}.Release|Any CPU.Build.0 = Release|Any CPU
		{391B005C-3EE8-497A-A37B-BB889D38D56B}.Debug|Any CPU.ActiveCfg = Debug|Any CPU
		{391B005C-3EE8-497A-A37B-BB889D38D56B}.Debug|Any CPU.Build.0 = Debug|Any CPU
		{391B005C-3EE8-497A-A37B-BB889D38D56B}.Release|Any CPU.ActiveCfg = Release|Any CPU
		{391B005C-3EE8-497A-A37B-BB889D38D56B}.Release|Any CPU.Build.0 = Release|Any CPU
		{2403486F-CDF2-46F1-8FE2-CA5C96394BAF}.Debug|Any CPU.ActiveCfg = Debug|Any CPU
		{2403486F-CDF2-46F1-8FE2-CA5C96394BAF}.Debug|Any CPU.Build.0 = Debug|Any CPU
		{2403486F-CDF2-46F1-8FE2-CA5C96394BAF}.Release|Any CPU.ActiveCfg = Release|Any CPU
		{2403486F-CDF2-46F1-8FE2-CA5C96394BAF}.Release|Any CPU.Build.0 = Release|Any CPU
		{2FDA8611-0EE5-4BD7-8EE0-8F7A2AEF4280}.Debug|Any CPU.ActiveCfg = Debug|Any CPU
		{2FDA8611-0EE5-4BD7-8EE0-8F7A2AEF4280}.Debug|Any CPU.Build.0 = Debug|Any CPU
		{2FDA8611-0EE5-4BD7-8EE0-8F7A2AEF4280}.Release|Any CPU.ActiveCfg = Release|Any CPU
		{2FDA8611-0EE5-4BD7-8EE0-8F7A2AEF4280}.Release|Any CPU.Build.0 = Release|Any CPU
		{501B9E0D-BD5E-4AD7-B56E-C052A22E2388}.Debug|Any CPU.ActiveCfg = Debug|Any CPU
		{501B9E0D-BD5E-4AD7-B56E-C052A22E2388}.Debug|Any CPU.Build.0 = Debug|Any CPU
		{501B9E0D-BD5E-4AD7-B56E-C052A22E2388}.Release|Any CPU.ActiveCfg = Release|Any CPU
		{501B9E0D-BD5E-4AD7-B56E-C052A22E2388}.Release|Any CPU.Build.0 = Release|Any CPU
		{F6B6A6AE-A419-4A9F-BA7E-2BDC2194387F}.Debug|Any CPU.ActiveCfg = Debug|Any CPU
		{F6B6A6AE-A419-4A9F-BA7E-2BDC2194387F}.Debug|Any CPU.Build.0 = Debug|Any CPU
		{F6B6A6AE-A419-4A9F-BA7E-2BDC2194387F}.Release|Any CPU.ActiveCfg = Release|Any CPU
		{F6B6A6AE-A419-4A9F-BA7E-2BDC2194387F}.Release|Any CPU.Build.0 = Release|Any CPU
		{C35828DF-9122-483A-B06D-7168AA3931B2}.Debug|Any CPU.ActiveCfg = Debug|Any CPU
		{C35828DF-9122-483A-B06D-7168AA3931B2}.Debug|Any CPU.Build.0 = Debug|Any CPU
		{C35828DF-9122-483A-B06D-7168AA3931B2}.Release|Any CPU.ActiveCfg = Release|Any CPU
		{C35828DF-9122-483A-B06D-7168AA3931B2}.Release|Any CPU.Build.0 = Release|Any CPU
		{D6CED85E-EE4B-49A3-9882-DFB549DC5A75}.Debug|Any CPU.ActiveCfg = Debug|Any CPU
		{D6CED85E-EE4B-49A3-9882-DFB549DC5A75}.Debug|Any CPU.Build.0 = Debug|Any CPU
		{D6CED85E-EE4B-49A3-9882-DFB549DC5A75}.Release|Any CPU.ActiveCfg = Release|Any CPU
		{D6CED85E-EE4B-49A3-9882-DFB549DC5A75}.Release|Any CPU.Build.0 = Release|Any CPU
		{F1A62274-7E33-429E-9F57-40207D64F5F9}.Debug|Any CPU.ActiveCfg = Debug|Any CPU
		{F1A62274-7E33-429E-9F57-40207D64F5F9}.Debug|Any CPU.Build.0 = Debug|Any CPU
		{F1A62274-7E33-429E-9F57-40207D64F5F9}.Release|Any CPU.ActiveCfg = Release|Any CPU
		{F1A62274-7E33-429E-9F57-40207D64F5F9}.Release|Any CPU.Build.0 = Release|Any CPU
		{0CC1B36D-539C-4653-BCA9-A513EAC2EFEC}.Debug|Any CPU.ActiveCfg = Debug|Any CPU
		{0CC1B36D-539C-4653-BCA9-A513EAC2EFEC}.Debug|Any CPU.Build.0 = Debug|Any CPU
		{0CC1B36D-539C-4653-BCA9-A513EAC2EFEC}.Release|Any CPU.ActiveCfg = Release|Any CPU
		{0CC1B36D-539C-4653-BCA9-A513EAC2EFEC}.Release|Any CPU.Build.0 = Release|Any CPU
		{D8BD9CF8-128B-476B-8014-819D45B0B262}.Debug|Any CPU.ActiveCfg = Debug|Any CPU
		{D8BD9CF8-128B-476B-8014-819D45B0B262}.Debug|Any CPU.Build.0 = Debug|Any CPU
		{D8BD9CF8-128B-476B-8014-819D45B0B262}.Release|Any CPU.ActiveCfg = Release|Any CPU
		{D8BD9CF8-128B-476B-8014-819D45B0B262}.Release|Any CPU.Build.0 = Release|Any CPU
		{B012274C-5157-42C4-A2F8-9B0BD86ADF54}.Debug|Any CPU.ActiveCfg = Debug|Any CPU
		{B012274C-5157-42C4-A2F8-9B0BD86ADF54}.Debug|Any CPU.Build.0 = Debug|Any CPU
		{B012274C-5157-42C4-A2F8-9B0BD86ADF54}.Release|Any CPU.ActiveCfg = Release|Any CPU
		{B012274C-5157-42C4-A2F8-9B0BD86ADF54}.Release|Any CPU.Build.0 = Release|Any CPU
		{A2BA47A4-D961-48B9-A559-E6596C7C751A}.Debug|Any CPU.ActiveCfg = Debug|Any CPU
		{A2BA47A4-D961-48B9-A559-E6596C7C751A}.Debug|Any CPU.Build.0 = Debug|Any CPU
		{A2BA47A4-D961-48B9-A559-E6596C7C751A}.Release|Any CPU.ActiveCfg = Release|Any CPU
		{A2BA47A4-D961-48B9-A559-E6596C7C751A}.Release|Any CPU.Build.0 = Release|Any CPU
		{11341E47-10EB-4DAA-B3C0-6583917BAB9D}.Debug|Any CPU.ActiveCfg = Debug|Any CPU
		{11341E47-10EB-4DAA-B3C0-6583917BAB9D}.Debug|Any CPU.Build.0 = Debug|Any CPU
		{11341E47-10EB-4DAA-B3C0-6583917BAB9D}.Release|Any CPU.ActiveCfg = Release|Any CPU
		{11341E47-10EB-4DAA-B3C0-6583917BAB9D}.Release|Any CPU.Build.0 = Release|Any CPU
		{9FD8C4D7-CCD6-465D-8EBA-4EE43F41482D}.Debug|Any CPU.ActiveCfg = Debug|Any CPU
		{9FD8C4D7-CCD6-465D-8EBA-4EE43F41482D}.Debug|Any CPU.Build.0 = Debug|Any CPU
		{9FD8C4D7-CCD6-465D-8EBA-4EE43F41482D}.Release|Any CPU.ActiveCfg = Release|Any CPU
		{9FD8C4D7-CCD6-465D-8EBA-4EE43F41482D}.Release|Any CPU.Build.0 = Release|Any CPU
		{87711230-7C46-457F-8AAB-49DCEDFCFE92}.Debug|Any CPU.ActiveCfg = Debug|Any CPU
		{87711230-7C46-457F-8AAB-49DCEDFCFE92}.Debug|Any CPU.Build.0 = Debug|Any CPU
		{87711230-7C46-457F-8AAB-49DCEDFCFE92}.Release|Any CPU.ActiveCfg = Release|Any CPU
		{87711230-7C46-457F-8AAB-49DCEDFCFE92}.Release|Any CPU.Build.0 = Release|Any CPU
		{B4FAFDA8-BCB0-4DA7-896F-1CAADD40C559}.Debug|Any CPU.ActiveCfg = Debug|Any CPU
		{B4FAFDA8-BCB0-4DA7-896F-1CAADD40C559}.Debug|Any CPU.Build.0 = Debug|Any CPU
		{B4FAFDA8-BCB0-4DA7-896F-1CAADD40C559}.Release|Any CPU.ActiveCfg = Release|Any CPU
		{B4FAFDA8-BCB0-4DA7-896F-1CAADD40C559}.Release|Any CPU.Build.0 = Release|Any CPU
		{F5F7664A-F670-45CE-BDDF-848D5E4BD037}.Debug|Any CPU.ActiveCfg = Debug|Any CPU
		{F5F7664A-F670-45CE-BDDF-848D5E4BD037}.Debug|Any CPU.Build.0 = Debug|Any CPU
		{F5F7664A-F670-45CE-BDDF-848D5E4BD037}.Release|Any CPU.ActiveCfg = Release|Any CPU
		{F5F7664A-F670-45CE-BDDF-848D5E4BD037}.Release|Any CPU.Build.0 = Release|Any CPU
		{B0989911-9E8B-4E99-BD11-A3CCC71F1A51}.Debug|Any CPU.ActiveCfg = Debug|Any CPU
		{B0989911-9E8B-4E99-BD11-A3CCC71F1A51}.Debug|Any CPU.Build.0 = Debug|Any CPU
		{B0989911-9E8B-4E99-BD11-A3CCC71F1A51}.Release|Any CPU.ActiveCfg = Release|Any CPU
		{B0989911-9E8B-4E99-BD11-A3CCC71F1A51}.Release|Any CPU.Build.0 = Release|Any CPU
		{FF498166-4D5B-409A-B58E-88915EEA26BD}.Debug|Any CPU.ActiveCfg = Debug|Any CPU
		{FF498166-4D5B-409A-B58E-88915EEA26BD}.Debug|Any CPU.Build.0 = Debug|Any CPU
		{FF498166-4D5B-409A-B58E-88915EEA26BD}.Release|Any CPU.ActiveCfg = Release|Any CPU
		{FF498166-4D5B-409A-B58E-88915EEA26BD}.Release|Any CPU.Build.0 = Release|Any CPU
		{55DC092F-F046-42C0-B517-22BA3552CF06}.Debug|Any CPU.ActiveCfg = Debug|Any CPU
		{55DC092F-F046-42C0-B517-22BA3552CF06}.Debug|Any CPU.Build.0 = Debug|Any CPU
		{55DC092F-F046-42C0-B517-22BA3552CF06}.Release|Any CPU.ActiveCfg = Release|Any CPU
		{55DC092F-F046-42C0-B517-22BA3552CF06}.Release|Any CPU.Build.0 = Release|Any CPU
		{1759CAC3-6E2A-4F11-ABFD-3334C5BD2383}.Debug|Any CPU.ActiveCfg = Debug|Any CPU
		{1759CAC3-6E2A-4F11-ABFD-3334C5BD2383}.Debug|Any CPU.Build.0 = Debug|Any CPU
		{1759CAC3-6E2A-4F11-ABFD-3334C5BD2383}.Release|Any CPU.ActiveCfg = Release|Any CPU
		{1759CAC3-6E2A-4F11-ABFD-3334C5BD2383}.Release|Any CPU.Build.0 = Release|Any CPU
		{7023A1D1-9607-45C0-AB32-1147A9E65E47}.Debug|Any CPU.ActiveCfg = Debug|Any CPU
		{7023A1D1-9607-45C0-AB32-1147A9E65E47}.Debug|Any CPU.Build.0 = Debug|Any CPU
		{7023A1D1-9607-45C0-AB32-1147A9E65E47}.Release|Any CPU.ActiveCfg = Release|Any CPU
		{7023A1D1-9607-45C0-AB32-1147A9E65E47}.Release|Any CPU.Build.0 = Release|Any CPU
		{43D70831-26F8-4FDA-9661-775D28BD2D46}.Debug|Any CPU.ActiveCfg = Debug|Any CPU
		{43D70831-26F8-4FDA-9661-775D28BD2D46}.Debug|Any CPU.Build.0 = Debug|Any CPU
		{43D70831-26F8-4FDA-9661-775D28BD2D46}.Release|Any CPU.ActiveCfg = Release|Any CPU
		{43D70831-26F8-4FDA-9661-775D28BD2D46}.Release|Any CPU.Build.0 = Release|Any CPU
		{350C41C3-3D84-4AE5-A457-5C968FB33586}.Debug|Any CPU.ActiveCfg = Debug|Any CPU
		{350C41C3-3D84-4AE5-A457-5C968FB33586}.Debug|Any CPU.Build.0 = Debug|Any CPU
		{350C41C3-3D84-4AE5-A457-5C968FB33586}.Release|Any CPU.ActiveCfg = Release|Any CPU
		{350C41C3-3D84-4AE5-A457-5C968FB33586}.Release|Any CPU.Build.0 = Release|Any CPU
		{56BE41A0-BD44-4BD9-B98C-B19169917006}.Debug|Any CPU.ActiveCfg = Debug|Any CPU
		{56BE41A0-BD44-4BD9-B98C-B19169917006}.Debug|Any CPU.Build.0 = Debug|Any CPU
		{56BE41A0-BD44-4BD9-B98C-B19169917006}.Release|Any CPU.ActiveCfg = Release|Any CPU
		{56BE41A0-BD44-4BD9-B98C-B19169917006}.Release|Any CPU.Build.0 = Release|Any CPU
		{3C0F87B4-60F3-47BB-A419-01992D180BF6}.Debug|Any CPU.ActiveCfg = Debug|Any CPU
		{3C0F87B4-60F3-47BB-A419-01992D180BF6}.Debug|Any CPU.Build.0 = Debug|Any CPU
		{3C0F87B4-60F3-47BB-A419-01992D180BF6}.Release|Any CPU.ActiveCfg = Release|Any CPU
		{3C0F87B4-60F3-47BB-A419-01992D180BF6}.Release|Any CPU.Build.0 = Release|Any CPU
		{83D9DC8E-F977-4C36-AF06-2100B9C26667}.Debug|Any CPU.ActiveCfg = Debug|Any CPU
		{83D9DC8E-F977-4C36-AF06-2100B9C26667}.Debug|Any CPU.Build.0 = Debug|Any CPU
		{83D9DC8E-F977-4C36-AF06-2100B9C26667}.Release|Any CPU.ActiveCfg = Release|Any CPU
		{83D9DC8E-F977-4C36-AF06-2100B9C26667}.Release|Any CPU.Build.0 = Release|Any CPU
		{2CAA8B78-9673-4187-A826-FA24605A4C86}.Debug|Any CPU.ActiveCfg = Debug|Any CPU
		{2CAA8B78-9673-4187-A826-FA24605A4C86}.Debug|Any CPU.Build.0 = Debug|Any CPU
		{2CAA8B78-9673-4187-A826-FA24605A4C86}.Release|Any CPU.ActiveCfg = Release|Any CPU
		{2CAA8B78-9673-4187-A826-FA24605A4C86}.Release|Any CPU.Build.0 = Release|Any CPU
		{536375BB-F608-4456-83E7-7BEC1BD0A22F}.Debug|Any CPU.ActiveCfg = Debug|Any CPU
		{536375BB-F608-4456-83E7-7BEC1BD0A22F}.Debug|Any CPU.Build.0 = Debug|Any CPU
		{536375BB-F608-4456-83E7-7BEC1BD0A22F}.Release|Any CPU.ActiveCfg = Release|Any CPU
		{536375BB-F608-4456-83E7-7BEC1BD0A22F}.Release|Any CPU.Build.0 = Release|Any CPU
		{92802B11-43B7-477B-B1E6-41CFDB4D5653}.Debug|Any CPU.ActiveCfg = Debug|Any CPU
		{92802B11-43B7-477B-B1E6-41CFDB4D5653}.Debug|Any CPU.Build.0 = Debug|Any CPU
		{92802B11-43B7-477B-B1E6-41CFDB4D5653}.Release|Any CPU.ActiveCfg = Release|Any CPU
		{92802B11-43B7-477B-B1E6-41CFDB4D5653}.Release|Any CPU.Build.0 = Release|Any CPU
	EndGlobalSection
EndGlobal
