Microsoft Visual Studio Solution File, Format Version 12.00
Project("{FAE04EC0-301F-11D3-BF4B-00C04F79EFBC}") = "_724.FindPivotIndex", "problems\_724.FindPivotIndex\_724.FindPivotIndex.csproj", "{4789579A-0143-401B-B995-1713F93BAB49}"
EndProject
Project("{FAE04EC0-301F-11D3-BF4B-00C04F79EFBC}") = "_205.IsomorphicStrings", "problems\_205.IsomorphicStrings\_205.IsomorphicStrings.csproj", "{ACD4ED72-278D-4F19-B4EE-38209E7F9A33}"
EndProject
Project("{FAE04EC0-301F-11D3-BF4B-00C04F79EFBC}") = "_392.IsSubsequence", "problems\_392.IsSubsequence\_392.IsSubsequence.csproj", "{5C2311AD-8A59-4359-8198-675B7AAB27B8}"
EndProject
Project("{FAE04EC0-301F-11D3-BF4B-00C04F79EFBC}") = "_1523.CountOddNumbersInAnIntervalRange", "problems\_1523.CountOddNumbersInAnIntervalRange\_1523.CountOddNumbersInAnIntervalRange.csproj", "{363107BD-3B1B-4224-A4E0-57506A56F5E8}"
EndProject
Project("{FAE04EC0-301F-11D3-BF4B-00C04F79EFBC}") = "_1491. Average Salary Excluding the Minimum and Maximum Salary", "problems\_1491. Average Salary Excluding the Minimum and Maximum Salary\_1491. Average Salary Excluding the Minimum and Maximum Salary.csproj", "{76923A0B-7E25-496F-B410-5F89FF90C75F}"
EndProject
Project("{FAE04EC0-301F-11D3-BF4B-00C04F79EFBC}") = "_217. Contains Duplicate", "problems\_217. Contains Duplicate\_217. Contains Duplicate.csproj", "{E446911E-6176-4A72-9719-A6DC5561F675}"
EndProject
<<<<<<< HEAD
Project("{FAE04EC0-301F-11D3-BF4B-00C04F79EFBC}") = "_1. Two Sum", "problems\_1. Two Sum\_1. Two Sum.csproj", "{024D0E28-375F-495C-92B3-B6717369B9BF}"
=======
EndProject
Project("{FAE04EC0-301F-11D3-BF4B-00C04F79EFBC}") = "_53. Maximum Subarray", "problems\_53. Maximum Subarray\_53. Maximum Subarray.csproj", "{2675BECF-95A9-4DA0-B66F-FB60E81747F4}"
>>>>>>> 53
EndProject
Project("{FAE04EC0-301F-11D3-BF4B-00C04F79EFBC}") = "_21. Merge Two Sorted Lists", "problems\_21. Merge Two Sorted Lists\_21. Merge Two Sorted Lists.csproj", "{86B318B8-DFAB-4664-B603-C4BB77C18103}"
EndProject
Project("{FAE04EC0-301F-11D3-BF4B-00C04F79EFBC}") = "_206. Reverse Linked List", "problems\_206. Reverse Linked List\_206. Reverse Linked List.csproj", "{600287D0-D6E0-4F43-8A3F-A7C4EDABF508}"
EndProject
Project("{FAE04EC0-301F-11D3-BF4B-00C04F79EFBC}") = "_191. Number of 1 Bits", "problems\_191. Number of 1 Bits\_191. Number of 1 Bits.csproj", "{D164B550-77D8-4E2E-8CBC-73A2564B82F6}"
EndProject
Project("{FAE04EC0-301F-11D3-BF4B-00C04F79EFBC}") = "_1281. Subtract the Product and Sum of Digits of an Integer", "problems\_1281. Subtract the Product and Sum of Digits of an Integer\_1281. Subtract the Product and Sum of Digits of an Integer.csproj", "{15016F6A-F2DB-4EF0-B436-E0249BA0C835}"
EndProject
Project("{FAE04EC0-301F-11D3-BF4B-00C04F79EFBC}") = "_88. Merge Sorted Array", "problems\_88. Merge Sorted Array\_88. Merge Sorted Array.csproj", "{67965DEF-82C2-4775-9078-9111FDBD1C3B}"
EndProject
Project("{FAE04EC0-301F-11D3-BF4B-00C04F79EFBC}") = "_876. Middle of the Linked List", "problems\_876. Middle of the Linked List\_876. Middle of the Linked List.csproj", "{A4CBCDA5-6672-4C3E-A98B-AE552BD17B5A}"
EndProject
Project("{FAE04EC0-301F-11D3-BF4B-00C04F79EFBC}") = "_142. Linked List Cycle II", "problems\_142. Linked List Cycle II\_142. Linked List Cycle II.csproj", "{00CBCECE-8633-4D22-B973-94B14366E2A6}"
EndProject
Project("{FAE04EC0-301F-11D3-BF4B-00C04F79EFBC}") = "_976. Largest Perimeter Triangle", "problems\_976. Largest Perimeter Triangle\_976. Largest Perimeter Triangle.csproj", "{4BC8FCD9-7CFF-4E4D-BCFC-7163C4FE4467}"
EndProject
Project("{FAE04EC0-301F-11D3-BF4B-00C04F79EFBC}") = "_1779. Find Nearest Point That Has the Same X or Y Coordinate", "problems\_1779. Find Nearest Point That Has the Same X or Y Coordinate\_1779. Find Nearest Point That Has the Same X or Y Coordinate.csproj", "{CFFA2DF2-26C5-46DC-ABBA-8AAD66C69E95}"
EndProject
Global
	GlobalSection(SolutionConfigurationPlatforms) = preSolution
		Debug|Any CPU = Debug|Any CPU
		Release|Any CPU = Release|Any CPU
	EndGlobalSection
	GlobalSection(ProjectConfigurationPlatforms) = postSolution
		{4789579A-0143-401B-B995-1713F93BAB49}.Debug|Any CPU.ActiveCfg = Debug|Any CPU
		{4789579A-0143-401B-B995-1713F93BAB49}.Debug|Any CPU.Build.0 = Debug|Any CPU
		{4789579A-0143-401B-B995-1713F93BAB49}.Release|Any CPU.ActiveCfg = Release|Any CPU
		{4789579A-0143-401B-B995-1713F93BAB49}.Release|Any CPU.Build.0 = Release|Any CPU
		{ACD4ED72-278D-4F19-B4EE-38209E7F9A33}.Debug|Any CPU.ActiveCfg = Debug|Any CPU
		{ACD4ED72-278D-4F19-B4EE-38209E7F9A33}.Debug|Any CPU.Build.0 = Debug|Any CPU
		{ACD4ED72-278D-4F19-B4EE-38209E7F9A33}.Release|Any CPU.ActiveCfg = Release|Any CPU
		{ACD4ED72-278D-4F19-B4EE-38209E7F9A33}.Release|Any CPU.Build.0 = Release|Any CPU
		{5C2311AD-8A59-4359-8198-675B7AAB27B8}.Debug|Any CPU.ActiveCfg = Debug|Any CPU
		{5C2311AD-8A59-4359-8198-675B7AAB27B8}.Debug|Any CPU.Build.0 = Debug|Any CPU
		{5C2311AD-8A59-4359-8198-675B7AAB27B8}.Release|Any CPU.ActiveCfg = Release|Any CPU
		{5C2311AD-8A59-4359-8198-675B7AAB27B8}.Release|Any CPU.Build.0 = Release|Any CPU
		{363107BD-3B1B-4224-A4E0-57506A56F5E8}.Debug|Any CPU.ActiveCfg = Debug|Any CPU
		{363107BD-3B1B-4224-A4E0-57506A56F5E8}.Debug|Any CPU.Build.0 = Debug|Any CPU
		{363107BD-3B1B-4224-A4E0-57506A56F5E8}.Release|Any CPU.ActiveCfg = Release|Any CPU
		{363107BD-3B1B-4224-A4E0-57506A56F5E8}.Release|Any CPU.Build.0 = Release|Any CPU
		{76923A0B-7E25-496F-B410-5F89FF90C75F}.Debug|Any CPU.ActiveCfg = Debug|Any CPU
		{76923A0B-7E25-496F-B410-5F89FF90C75F}.Debug|Any CPU.Build.0 = Debug|Any CPU
		{76923A0B-7E25-496F-B410-5F89FF90C75F}.Release|Any CPU.ActiveCfg = Release|Any CPU
		{76923A0B-7E25-496F-B410-5F89FF90C75F}.Release|Any CPU.Build.0 = Release|Any CPU
		{E446911E-6176-4A72-9719-A6DC5561F675}.Debug|Any CPU.ActiveCfg = Debug|Any CPU
		{E446911E-6176-4A72-9719-A6DC5561F675}.Debug|Any CPU.Build.0 = Debug|Any CPU
		{E446911E-6176-4A72-9719-A6DC5561F675}.Release|Any CPU.ActiveCfg = Release|Any CPU
		{E446911E-6176-4A72-9719-A6DC5561F675}.Release|Any CPU.Build.0 = Release|Any CPU
		{024D0E28-375F-495C-92B3-B6717369B9BF}.Debug|Any CPU.ActiveCfg = Debug|Any CPU
		{024D0E28-375F-495C-92B3-B6717369B9BF}.Debug|Any CPU.Build.0 = Debug|Any CPU
		{024D0E28-375F-495C-92B3-B6717369B9BF}.Release|Any CPU.ActiveCfg = Release|Any CPU
		{024D0E28-375F-495C-92B3-B6717369B9BF}.Release|Any CPU.Build.0 = Release|Any CPU
		{2675BECF-95A9-4DA0-B66F-FB60E81747F4}.Debug|Any CPU.ActiveCfg = Debug|Any CPU
		{2675BECF-95A9-4DA0-B66F-FB60E81747F4}.Debug|Any CPU.Build.0 = Debug|Any CPU
		{2675BECF-95A9-4DA0-B66F-FB60E81747F4}.Release|Any CPU.ActiveCfg = Release|Any CPU
		{2675BECF-95A9-4DA0-B66F-FB60E81747F4}.Release|Any CPU.Build.0 = Release|Any CPU
		{86B318B8-DFAB-4664-B603-C4BB77C18103}.Debug|Any CPU.ActiveCfg = Debug|Any CPU
		{86B318B8-DFAB-4664-B603-C4BB77C18103}.Debug|Any CPU.Build.0 = Debug|Any CPU
		{86B318B8-DFAB-4664-B603-C4BB77C18103}.Release|Any CPU.ActiveCfg = Release|Any CPU
		{86B318B8-DFAB-4664-B603-C4BB77C18103}.Release|Any CPU.Build.0 = Release|Any CPU
		{600287D0-D6E0-4F43-8A3F-A7C4EDABF508}.Debug|Any CPU.ActiveCfg = Debug|Any CPU
		{600287D0-D6E0-4F43-8A3F-A7C4EDABF508}.Debug|Any CPU.Build.0 = Debug|Any CPU
		{600287D0-D6E0-4F43-8A3F-A7C4EDABF508}.Release|Any CPU.ActiveCfg = Release|Any CPU
		{600287D0-D6E0-4F43-8A3F-A7C4EDABF508}.Release|Any CPU.Build.0 = Release|Any CPU
		{D164B550-77D8-4E2E-8CBC-73A2564B82F6}.Debug|Any CPU.ActiveCfg = Debug|Any CPU
		{D164B550-77D8-4E2E-8CBC-73A2564B82F6}.Debug|Any CPU.Build.0 = Debug|Any CPU
		{D164B550-77D8-4E2E-8CBC-73A2564B82F6}.Release|Any CPU.ActiveCfg = Release|Any CPU
		{D164B550-77D8-4E2E-8CBC-73A2564B82F6}.Release|Any CPU.Build.0 = Release|Any CPU
		{15016F6A-F2DB-4EF0-B436-E0249BA0C835}.Debug|Any CPU.ActiveCfg = Debug|Any CPU
		{15016F6A-F2DB-4EF0-B436-E0249BA0C835}.Debug|Any CPU.Build.0 = Debug|Any CPU
		{15016F6A-F2DB-4EF0-B436-E0249BA0C835}.Release|Any CPU.ActiveCfg = Release|Any CPU
		{15016F6A-F2DB-4EF0-B436-E0249BA0C835}.Release|Any CPU.Build.0 = Release|Any CPU
		{67965DEF-82C2-4775-9078-9111FDBD1C3B}.Debug|Any CPU.ActiveCfg = Debug|Any CPU
		{67965DEF-82C2-4775-9078-9111FDBD1C3B}.Debug|Any CPU.Build.0 = Debug|Any CPU
		{67965DEF-82C2-4775-9078-9111FDBD1C3B}.Release|Any CPU.ActiveCfg = Release|Any CPU
		{67965DEF-82C2-4775-9078-9111FDBD1C3B}.Release|Any CPU.Build.0 = Release|Any CPU
		{A4CBCDA5-6672-4C3E-A98B-AE552BD17B5A}.Debug|Any CPU.ActiveCfg = Debug|Any CPU
		{A4CBCDA5-6672-4C3E-A98B-AE552BD17B5A}.Debug|Any CPU.Build.0 = Debug|Any CPU
		{A4CBCDA5-6672-4C3E-A98B-AE552BD17B5A}.Release|Any CPU.ActiveCfg = Release|Any CPU
		{A4CBCDA5-6672-4C3E-A98B-AE552BD17B5A}.Release|Any CPU.Build.0 = Release|Any CPU
		{00CBCECE-8633-4D22-B973-94B14366E2A6}.Debug|Any CPU.ActiveCfg = Debug|Any CPU
		{00CBCECE-8633-4D22-B973-94B14366E2A6}.Debug|Any CPU.Build.0 = Debug|Any CPU
		{00CBCECE-8633-4D22-B973-94B14366E2A6}.Release|Any CPU.ActiveCfg = Release|Any CPU
		{00CBCECE-8633-4D22-B973-94B14366E2A6}.Release|Any CPU.Build.0 = Release|Any CPU
		{4BC8FCD9-7CFF-4E4D-BCFC-7163C4FE4467}.Debug|Any CPU.ActiveCfg = Debug|Any CPU
		{4BC8FCD9-7CFF-4E4D-BCFC-7163C4FE4467}.Debug|Any CPU.Build.0 = Debug|Any CPU
		{4BC8FCD9-7CFF-4E4D-BCFC-7163C4FE4467}.Release|Any CPU.ActiveCfg = Release|Any CPU
		{4BC8FCD9-7CFF-4E4D-BCFC-7163C4FE4467}.Release|Any CPU.Build.0 = Release|Any CPU
		{CFFA2DF2-26C5-46DC-ABBA-8AAD66C69E95}.Debug|Any CPU.ActiveCfg = Debug|Any CPU
		{CFFA2DF2-26C5-46DC-ABBA-8AAD66C69E95}.Debug|Any CPU.Build.0 = Debug|Any CPU
		{CFFA2DF2-26C5-46DC-ABBA-8AAD66C69E95}.Release|Any CPU.ActiveCfg = Release|Any CPU
		{CFFA2DF2-26C5-46DC-ABBA-8AAD66C69E95}.Release|Any CPU.Build.0 = Release|Any CPU
	EndGlobalSection
EndGlobal
