<Solution>
  <Project Path="problems/LC1-two-sum/csharp/LC1 Two Sum.csproj" />
  <Project Path="problems/LC101-symmetric-tree/csharp/LC101 Symmetric Tree.csproj" />
  <Project Path="problems/LC1011-capacity-to-ship-packages-within-d-days/csharp/LC1011 Capacity To Ship Packages Within D Days.csproj" />
  <Project Path="problems/LC1014-best-sightseeing-pair/csharp/LC1014 Best Sightseeing Pair.csproj" />
  <Project Path="problems/LC102-binary-tree-level-order-traversal/csharp/LC102 Binary Tree Level Order Traversal.csproj" />
  <Project Path="problems/LC103-binary-tree-zigzag-level-order-traversal/csharp/LC103 Binary Tree Zigzag Level Order Traversal.csproj" />
  <Project Path="problems/LC104-maximum-depth-of-binary-tree/csharp/LC104 Maximum Depth of Binary Tree.csproj" />
  <Project Path="problems/LC1046-last-stone-weight/csharp/LC1046 Last Stone Weight.csproj" />
  <Project Path="problems/LC1071-greatest-common-divisor-of-strings/csharp/LC1071 Greatest Common Divisor of Strings.csproj" />
  <Project Path="problems/LC11-container-with-most-water/csharp/LC11 Container With Most Water.csproj" />
  <Project Path="problems/LC110-balanced-binary-tree/csharp/LC110 Balanced Binary Tree.csproj" />
  <Project Path="problems/LC112-path-sum/csharp/LC112 Path Sum.csproj" />
  <Project Path="problems/LC1129-shortest-path-with-alternating-colors/csharp/LC1129 Shortest Path with Alternating Colors.csproj" />
  <Project Path="problems/LC1137-n-th-tribonacci-number/csharp/LC1137 N-th Tribonacci Number.csproj" />
  <Project Path="problems/LC116-populating-next-right-pointers-in-each-node/csharp/LC116 Populating Next Right Pointers in Each Node.csproj" />
  <Project Path="problems/LC1162-as-far-from-land-as-possible/csharp/LC1162 As Far from Land as Possible.csproj" />
  <Project Path="problems/LC118-pascals-triangle/csharp/LC118 Pascals Triangle.csproj" />
  <Project Path="problems/LC119-pascals-triangle-ii/csharp/LC119 Pascals Triangle II.csproj" />
  <Project Path="problems/LC120-triangle/csharp/LC120 Triangle.csproj" />
  <Project Path="problems/LC121-best-time-to-buy-and-sell-stock/csharp/LC121 Best Time to Buy and Sell Stock.csproj" />
  <Project Path="problems/LC122-best-time-to-buy-and-sell-stock-ii/csharp/LC122 Best Time to Buy and Sell Stock II.csproj" />
  <Project Path="problems/LC1232-check-if-it-is-a-straight-line/csharp/LC1232 Check If It Is a Straight Line.csproj" />
  <Project Path="problems/LC125-valid-palindrome/csharp/LC125 Valid Palindrome.csproj" />
  <Project Path="problems/LC1281-subtract-the-product-and-sum-of-digits-of-an-integer/csharp/LC1281 Subtract the Product and Sum of Digits of an Integer.csproj" />
  <Project Path="problems/LC1290-convert-binary-number-in-a-linked-list-to-integer/csharp/LC1290 Convert Binary Number in a Linked List to Integer.csproj" />
  <Project Path="problems/LC13-roman-to-integer/csharp/LC13 Roman to Integer.csproj" />
  <Project Path="problems/LC1309-decrypt-string-from-alphabet-to-integer-mapping/csharp/LC1309 Decrypt String from Alphabet to Integer Mapping.csproj" />
  <Project Path="problems/LC1314-matrix-block-sum/csharp/LC1314 Matrix Block Sum.csproj" />
  <Project Path="problems/LC1337-the-k-weakest-rows-in-a-matrix/csharp/LC1337 The K Weakest Rows in a Matrix.csproj" />
  <Project Path="problems/LC1346-check-if-n-and-its-double-exist/csharp/LC1346 Check If N and Its Double Exist.csproj" />
  <Project Path="problems/LC1351-count-negative-numbers-in-a-sorted-matrix/csharp/LC1351 Count Negative Numbers in a Sorted Matrix.csproj" />
  <Project Path="problems/LC1356-sort-integers-by-the-number-of-1-bits/csharp/LC1356 Sort Integers by The Number of 1 Bits.csproj" />
  <Project Path="problems/LC136-single-number/csharp/LC136 Single Number.csproj" />
  <Project Path="problems/LC1385-find-the-distance-value-between-two-arrays/csharp/LC1385 Find the Distance Value Between Two Arrays.csproj" />
  <Project Path="problems/LC139-word-break/csharp/LC139 Word Break.csproj" />
  <Project Path="problems/LC14-longest-common-prefix/csharp/LC14 Longest Common Prefix.csproj" />
  <Project Path="problems/LC141-linked-list-cycle/csharp/LC141 Linked List Cycle.csproj" />
  <Project Path="problems/LC142-linked-list-cycle-ii/csharp/LC142 Linked List Cycle II.csproj" />
  <Project Path="problems/LC144-binary-tree-preorder-traversal/csharp/LC144 Binary Tree Preorder Traversal.csproj" />
  <Project Path="problems/LC145-binary-tree-postorder-traversal/csharp/LC145 Binary Tree Postorder Traversal.csproj" />
  <Project Path="problems/LC1470-shuffle-the-array/csharp/LC1470 Shuffle the Array.csproj" />
  <Project Path="problems/LC1491-average-salary-excluding-the-minimum-and-maximum-salary/csharp/LC1491 Average Salary Excluding the Minimum and Maximum Salary.csproj" />
  <Project Path="problems/LC15-3-sum/csharp/LC15 3Sum.csproj" />
  <Project Path="problems/LC150-evaluate-reverse-polish-notation/csharp/LC150 Evaluate Reverse Polish Notation.csproj" />
  <Project Path="problems/LC1502-can-make-arithmetic-progression-from-sequence/csharp/LC1502 Can Make Arithmetic Progression From Sequence.csproj" />
  <Project Path="problems/LC152-maximum-product-subarray/csharp/LC152 Maximum Product Subarray.csproj" />
  <Project Path="problems/LC1523-count-odd-numbers-in-an-interval-range/csharp/LC1523 CountOddNumbersInAnIntervalRange.csproj" />
  <Project Path="problems/LC153-find-minimum-in-rotated-sorted-array/csharp/LC153 Find Minimum in Rotated Sorted Array.csproj" />
  <Project Path="problems/LC1539-kth-missing-positive-number/csharp/LC1539 Kth Missing Positive Number.csproj" />
  <Project Path="problems/LC155-min-stack/csharp/LC155 Min Stack.csproj" />
  <Project Path="problems/LC1567-maximum-length-of-subarray-with-positive-product/csharp/LC1567 Maximum Length of Subarray With Positive Product.csproj" />
  <Project Path="problems/LC1572-matrix-diagonal-sum/csharp/LC1572 Matrix Diagonal Sum.csproj" />
  <Project Path="problems/LC1588-sum-of-all-odd-length-subarrays/csharp/LC1588 Sum of All Odd Length Subarrays.csproj" />
  <Project Path="problems/LC1603-design-parking-system/csharp/LC1603 Design Parking System.csproj" />
  <Project Path="problems/LC1608-special-array-with-x-elements-greater-than-or-equal-x/csharp/LC1608 Special Array With X Elements Greater Than or Equal X.csproj" />
  <Project Path="problems/LC167-two-sum-ii-input-array-is-sorted/csharp/LC167 Two Sum II - Input Array Is Sorted.csproj" />
  <Project Path="problems/LC1672-richest-customer-wealth/csharp/LC1672 Richest Customer Wealth.csproj" />
  <Project Path="problems/LC1675-minimize-deviation-in-array/csharp/LC1675 Minimize Deviation in Array.csproj" />
  <Project Path="problems/LC1678-goal-parser-interpretation/csharp/LC1678 Goal Parser Interpretation.csproj" />
  <Project Path="problems/LC1768-merge-strings-alternately/csharp/LC1768 Merge Strings Alternately.csproj" />
  <Project Path="problems/LC1779-find-nearest-point-that-has-the-same-x-or-y-coordinate/csharp/LC1779 Find Nearest Point That Has the Same X or Y Coordinate.csproj" />
  <Project Path="problems/LC1790-check-if-one-string-swap-can-make-strings-equal/csharp/LC1790 Check if One String Swap Can Make Strings Equal.csproj" />
  <Project Path="problems/LC1822-sign-of-the-product-of-an-array/csharp/LC1822 Sign of the Product of an Array.csproj" />
  <Project Path="problems/LC1855-maximum-distance-between-a-pair-of-values/csharp/LC1855 Maximum Distance Between a Pair of Values.csproj" />
  <Project Path="problems/LC189-rotate-array/csharp/LC189 Rotate Array.csproj" />
  <Project Path="problems/LC19-remove-nth-node-from-end-of-list/csharp/LC19 Remove Nth Node From End of List.csproj" />
  <Project Path="problems/LC190-reverse-bits/csharp/LC190 Reverse Bits.csproj" />
  <Project Path="problems/LC191-number-of-1-bits/csharp/LC191 Number of 1 Bits.csproj" />
  <Project Path="problems/LC198-house-robber/csharp/LC198 House Robber.csproj" />
  <Project Path="problems/LC20-valid-parentheses/csharp/LC20 Valid Parentheses.csproj" />
  <Project Path="problems/LC200-number-of-islands/csharp/LC200 Number of Islands.csproj" />
  <Project Path="problems/LC202-happy-number/csharp/LC202 Happy Number.csproj" />
  <Project Path="problems/LC203-remove-linked-list-elements/csharp/LC203 Remove Linked List Elements.csproj" />
  <Project Path="problems/LC205-isomorphic-strings/csharp/LC205 IsomorphicStrings.csproj" />
  <Project Path="problems/LC206-reverse-linked-list/csharp/LC206 Reverse Linked List.csproj" />
  <Project Path="problems/LC21-merge-two-sorted-lists/csharp/LC21 Merge Two Sorted Lists.csproj" />
  <Project Path="problems/LC213-house-robber-ii/csharp/LC213 House Robber II.csproj" />
  <Project Path="problems/LC217-contains-duplicate/csharp/LC217 Contains Duplicate.csproj" />
  <Project Path="problems/LC22-generate-parentheses/csharp/LC22 Generate Parentheses.csproj" />
  <Project Path="problems/LC221-maximal-square/csharp/LC221 Maximal Square.csproj" />
  <Project Path="problems/LC226-invert-binary-tree/csharp/LC226 Invert Binary Tree.csproj" />
  <Project Path="problems/LC2306-naming-a-company/csharp/LC2306 Naming a Company.csproj" />
  <Project Path="problems/LC231-power-of-two/csharp/LC231 Power of Two.csproj" />
  <Project Path="problems/LC232-implement-queue-using-stacks/csharp/LC232 Implement Queue using Stacks.csproj" />
  <Project Path="problems/LC235-lowest-common-ancestor-of-a-binary-search-tree/csharp/LC235 Lowest Common Ancestor of a Binary Search Tree.csproj" />
  <Project Path="problems/LC238-product-of-array-except-self/csharp/LC238 Product of Array Except Self.csproj" />
  <Project Path="problems/LC242-valid-anagram/csharp/LC242 Valid Anagram.csproj" />
  <Project Path="problems/LC2477-minimum-fuel-cost-to-report-to-the-capital/csharp/LC2477 Minimum Fuel Cost to Report to the Capital.csproj" />
  <Project Path="problems/LC26-remove-duplicates-from-sorted-array/csharp/LC26 Remove Duplicates from Sorted Array.csproj" />
  <Project Path="problems/LC264-ugly-number-ii/csharp/LC264 Ugly Number II.csproj" />
  <Project Path="problems/LC27-remove-element/csharp/LC27 Remove Element.csproj" />
  <Project Path="problems/LC278-first-bad-version/csharp/LC278 First Bad Version.csproj" />
  <Project Path="problems/LC283-move-zeroes/csharp/LC283 Move Zeroes.csproj" />
  <Project Path="problems/LC299-bulls-and-cows/csharp/LC299 Bulls and Cows.csproj" />
  <Project Path="problems/LC3-longest-substring-without-repeating-characters/csharp/LC3 Longest Substring Without Repeating Characters.csproj" />
  <Project Path="problems/LC300-longest-increasing-subsequence/csharp/LC300 Longest Increasing Subsequence.csproj" />
  <Project Path="problems/LC303-range-sum-query-immutable/csharp/LC303 Range Sum Query - Immutable.csproj" />
  <Project Path="problems/LC304-range-sum-query-2-d-immutable/csharp/LC304 Range Sum Query 2D - Immutable.csproj" />
  <Project Path="problems/LC309-best-time-to-buy-and-sell-stock-with-cooldown/csharp/LC309 Best Time to Buy and Sell Stock with Cooldown.csproj" />
  <Project Path="problems/LC33-search-in-rotated-sorted-array/csharp/LC33 Search in Rotated Sorted Array.csproj" />
  <Project Path="problems/LC34-find-first-and-last-position-of-element-in-sorted-array/csharp/LC34 Find First and Last Position of Element in Sorted Array.csproj" />
  <Project Path="problems/LC344-reverse-string/csharp/LC344 Reverse String.csproj" />
  <Project Path="problems/LC347-top-k-frequent-elements/csharp/LC347 Top K Frequent Elements.csproj" />
  <Project Path="problems/LC35-search-insert-position/csharp/LC35 Search Insert Position.csproj" />
  <Project Path="problems/LC350-intersection-of-two-arrays-ii/csharp/LC350 Intersection of Two Arrays II.csproj" />
  <Project Path="problems/LC36-valid-sudoku/csharp/LC36 Valid Sudoku.csproj" />
  <Project Path="problems/LC367-valid-perfect-square/csharp/LC367 Valid Perfect Square.csproj" />
  <Project Path="problems/LC374-guess-number-higher-or-lower/csharp/LC374 Guess Number Higher or Lower.csproj" />
  <Project Path="problems/LC376-wiggle-subsequence/csharp/LC376 Wiggle Subsequence.csproj" />
  <Project Path="problems/LC383-ransom-note/csharp/LC383 Ransom Note.csproj" />
  <Project Path="problems/LC387-first-unique-character-in-a-string/csharp/LC387 First Unique Character in a String.csproj" />
  <Project Path="problems/LC389-find-the-difference/csharp/LC389 Find the Difference.csproj" />
  <Project Path="problems/LC392-is-subsequence/csharp/LC392 IsSubsequence.csproj" />
  <Project Path="problems/LC394-decode-string/csharp/LC394 Decode String.csproj" />
  <Project Path="problems/LC404-sum-of-left-leaves/csharp/LC404 Sum of Left Leaves.csproj" />
  <Project Path="problems/LC409-longest-palindrome/csharp/LC409 Longest Palindrome.csproj" />
  <Project Path="problems/LC413-arithmetic-slices/csharp/LC413 Arithmetic Slices.csproj" />
  <Project Path="problems/LC42-trapping-rain-water/csharp/LC42 Trapping Rain Water.csproj" />
  <Project Path="problems/LC424-longest-repeating-character-replacement/csharp/LC424 Longest Repeating Character Replacement.csproj" />
  <Project Path="problems/LC427-construct-quad-tree/csharp/LC427 Construct Quad Tree.csproj" />
  <Project Path="problems/LC438-find-all-anagrams-in-a-string/csharp/LC438 Find All Anagrams in a String.csproj" />
  <Project Path="problems/LC441-arranging-coins/csharp/LC441 Arranging Coins.csproj" />
  <Project Path="problems/LC443-string-compression/csharp/LC443 String Compression.csproj" />
  <Project Path="problems/LC45-jump-game-ii/csharp/LC45 Jump Game II.csproj" />
  <Project Path="problems/LC46-permutations/csharp/LC46 Permutations.csproj" />
  <Project Path="problems/LC49-group-anagrams/csharp/LC49 Group Anagrams.csproj" />
  <Project Path="problems/LC491-non-decreasing-subsequences/csharp/LC491 Non-decreasing Subsequences.csproj" />
  <Project Path="problems/LC496-next-greater-element-i/csharp/LC496 Next Greater Element I.csproj" />
  <Project Path="problems/LC5-longest-palindromic-substring/csharp/LC5 Longest Palindromic Substring.csproj" />
  <Project Path="problems/LC502-ipo/csharp/LC502 IPO.csproj" />
  <Project Path="problems/LC509-fibonacci-number/csharp/LC509 Fibonacci Number.csproj" />
  <Project Path="problems/LC516-longest-palindromic-subsequence/csharp/LC516 Longest Palindromic Subsequence.csproj" />
  <Project Path="problems/LC53-maximum-subarray/csharp/LC53 Maximum Subarray.csproj" />
  <Project Path="problems/LC540-single-element-in-a-sorted-array/csharp/LC540 Single Element in a Sorted Array.csproj" />
  <Project Path="problems/LC542-01-matrix/csharp/LC542 01 Matrix.csproj" />
  <Project Path="problems/LC55-jump-game/csharp/LC55 Jump Game.csproj" />
  <Project Path="problems/LC557-reverse-words-in-a-string-iii/csharp/LC557 Reverse Words in a String III.csproj" />
  <Project Path="problems/LC566-reshape-the-matrix/csharp/LC566 Reshape the Matrix.csproj" />
  <Project Path="problems/LC567-permutation-in-string/csharp/LC567 Permutation in String.csproj" />
  <Project Path="problems/LC589-n-ary-tree-preorder-traversal/csharp/LC589 N-ary Tree Preorder Traversal.csproj" />
  <Project Path="problems/LC6-zigzag-conversion/csharp/LC6 Zigzag Conversion.csproj" />
  <Project Path="problems/LC617-merge-two-binary-trees/csharp/LC617 Merge Two Binary Trees.csproj" />
  <Project Path="problems/LC62-unique-paths/csharp/LC62 Unique Paths.csproj" />
  <Project Path="problems/LC63-unique-paths-ii/csharp/LC63 Unique Paths II.csproj" />
  <Project Path="problems/LC633-sum-of-square-numbers/csharp/LC633 Sum of Square Numbers.csproj" />
  <Project Path="problems/LC64-minimum-path-sum/csharp/LC64 Minimum Path Sum.csproj" />
  <Project Path="problems/LC652-find-duplicate-subtrees/csharp/LC652 Find Duplicate Subtrees.csproj" />
  <Project Path="problems/LC653-two-sum-iv-input-is-a-bst/csharp/LC653 Two Sum IV - Input is a BST.csproj" />
  <Project Path="problems/LC66-plus-one/csharp/LC66 Plus One.csproj" />
  <Project Path="problems/LC67-add-binary/csharp/LC67 Add Binary.csproj" />
  <Project Path="problems/LC69-sqrt-x/csharp/LC69 Sqrt_x.csproj" />
  <Project Path="problems/LC692-top-k-frequent-words/csharp/LC692 Top K Frequent Words.csproj" />
  <Project Path="problems/LC695-max-area-of-island/csharp/LC695 Max Area of Island.csproj" />
  <Project Path="problems/LC70-climbing-stairs/csharp/LC70 Climbing Stairs.csproj" />
  <Project Path="problems/LC700-search-in-a-binary-search-tree/csharp/LC700 Search in a Binary Search Tree.csproj" />
  <Project Path="problems/LC701-insert-into-a-binary-search-tree/csharp/LC701 Insert into a Binary Search Tree.csproj" />
  <Project Path="problems/LC704-binary-search/csharp/LC704 Binary Search.csproj" />
  <Project Path="problems/LC709-to-lower-case/csharp/LC709 To Lower Case.csproj" />
  <Project Path="problems/LC714-best-time-to-buy-and-sell-stock-with-transaction-fee/csharp/LC714 Best Time to Buy and Sell Stock with Transaction Fee.csproj" />
  <Project Path="problems/LC72-edit-distance/csharp/LC72 Edit Distance.csproj" />
  <Project Path="problems/LC724-find-pivot-index/csharp/LC724 FindPivotIndex.csproj" />
  <Project Path="problems/LC733-flood-fill/csharp/LC733 Flood Fill.csproj" />
  <Project Path="problems/LC739-daily-temperatures/csharp/LC739 Daily Temperatures.csproj" />
  <Project Path="problems/LC74-search-a-2-d-matrix/csharp/LC74 Search a 2D Matrix.csproj" />
  <Project Path="problems/LC740-delete-and-earn/csharp/LC740 Delete and Earn.csproj" />
  <Project Path="problems/LC744-find-smallest-letter-greater-than-target/csharp/LC744 Find Smallest Letter Greater Than Target.csproj" />
  <Project Path="problems/LC746-min-cost-climbing-stairs/csharp/LC746 Min Cost Climbing Stairs.csproj" />
  <Project Path="problems/LC77-combinations/csharp/LC77 Combinations.csproj" />
  <Project Path="problems/LC783-minimum-distance-between-bst-nodes/csharp/LC783 Minimum Distance Between BST Nodes.csproj" />
  <Project Path="problems/LC784-letter-case-permutation/csharp/LC784 Letter Case Permutation.csproj" />
  <Project Path="problems/LC83-remove-duplicates-from-sorted-list/csharp/LC83 Remove Duplicates from Sorted List.csproj" />
  <Project Path="problems/LC844-backspace-string-compare/csharp/LC844 Backspace String Compare.csproj" />
  <Project Path="problems/LC852-peak-index-in-a-mountain-array/csharp/LC852 Peak Index in a Mountain Array.csproj" />
  <Project Path="problems/LC876-middle-of-the-linked-list/csharp/LC876 Middle of the Linked List.csproj" />
  <Project Path="problems/LC88-merge-sorted-array/csharp/LC88 Merge Sorted Array.csproj" />
  <Project Path="problems/LC904-fruit-into-baskets/csharp/LC904 Fruit Into Baskets.csproj" />
  <Project Path="problems/LC91-decode-ways/csharp/LC91 Decode Ways.csproj" />
  <Project Path="problems/LC912-sort-an-array/csharp/LC912 Sort an Array.csproj" />
  <Project Path="problems/LC918-maximum-sum-circular-subarray/csharp/LC918 Maximum Sum Circular Subarray.csproj" />
  <Project Path="problems/LC931-minimum-falling-path-sum/csharp/LC931 Minimum Falling Path Sum.csproj" />
  <Project Path="problems/LC94-binary-tree-inorder-traversal/csharp/LC94 Binary Tree Inorder Traversal.csproj" />
  <Project Path="problems/LC953-verifying-an-alien-dictionary/csharp/LC953 Verifying an Alien Dictionary.csproj" />
  <Project Path="problems/LC96-unique-binary-search-trees/csharp/LC96 Unique Binary Search Trees.csproj" />
  <Project Path="problems/LC974-subarray-sums-divisible-by-k/csharp/LC974 Subarray Sums Divisible by K.csproj" />
  <Project Path="problems/LC976-largest-perimeter-triangle/csharp/LC976 Largest Perimeter Triangle.csproj" />
  <Project Path="problems/LC977-squares-of-a-sorted-array/csharp/LC977 Squares of a Sorted Array.csproj" />
  <Project Path="problems/LC98-validate-binary-search-tree/csharp/LC98 Validate Binary Search Tree.csproj" />
  <Project Path="problems/LC989-add-to-array-form-of-integer/csharp/LC989 Add to Array-Form of Integer.csproj" />
  <Project Path="problems/LC994-rotting-oranges/csharp/LC994 Rotting Oranges.csproj" />
</Solution>
