
Microsoft Visual Studio Solution File, Format Version 12.00
Project("{FAE04EC0-301F-11D3-BF4B-00C04F79EFBC}") = "_724.FindPivotIndex", "problems\_724.FindPivotIndex\_724.FindPivotIndex.csproj", "{4789579A-0143-401B-B995-1713F93BAB49}"
EndProject
Project("{FAE04EC0-301F-11D3-BF4B-00C04F79EFBC}") = "_205.IsomorphicStrings", "problems\_205.IsomorphicStrings\_205.IsomorphicStrings.csproj", "{ACD4ED72-278D-4F19-B4EE-38209E7F9A33}"
EndProject
Project("{FAE04EC0-301F-11D3-BF4B-00C04F79EFBC}") = "_392.IsSubsequence", "problems\_392.IsSubsequence\_392.IsSubsequence.csproj", "{5C2311AD-8A59-4359-8198-675B7AAB27B8}"
EndProject
Project("{FAE04EC0-301F-11D3-BF4B-00C04F79EFBC}") = "_1523.CountOddNumbersInAnIntervalRange", "problems\_1523.CountOddNumbersInAnIntervalRange\_1523.CountOddNumbersInAnIntervalRange.csproj", "{363107BD-3B1B-4224-A4E0-57506A56F5E8}"
EndProject
Project("{FAE04EC0-301F-11D3-BF4B-00C04F79EFBC}") = "_1491. Average Salary Excluding the Minimum and Maximum Salary", "problems\_1491. Average Salary Excluding the Minimum and Maximum Salary\_1491. Average Salary Excluding the Minimum and Maximum Salary.csproj", "{76923A0B-7E25-496F-B410-5F89FF90C75F}"
EndProject
Project("{FAE04EC0-301F-11D3-BF4B-00C04F79EFBC}") = "_217. Contains Duplicate", "problems\_217. Contains Duplicate\_217. Contains Duplicate.csproj", "{E446911E-6176-4A72-9719-A6DC5561F675}"
EndProject
Project("{FAE04EC0-301F-11D3-BF4B-00C04F79EFBC}") = "_1. Two Sum", "problems\_1. Two Sum\_1. Two Sum.csproj", "{024D0E28-375F-495C-92B3-B6717369B9BF}"
EndProject
Global
	GlobalSection(SolutionConfigurationPlatforms) = preSolution
		Debug|Any CPU = Debug|Any CPU
		Release|Any CPU = Release|Any CPU
	EndGlobalSection
	GlobalSection(ProjectConfigurationPlatforms) = postSolution
		{4789579A-0143-401B-B995-1713F93BAB49}.Debug|Any CPU.ActiveCfg = Debug|Any CPU
		{4789579A-0143-401B-B995-1713F93BAB49}.Debug|Any CPU.Build.0 = Debug|Any CPU
		{4789579A-0143-401B-B995-1713F93BAB49}.Release|Any CPU.ActiveCfg = Release|Any CPU
		{4789579A-0143-401B-B995-1713F93BAB49}.Release|Any CPU.Build.0 = Release|Any CPU
		{ACD4ED72-278D-4F19-B4EE-38209E7F9A33}.Debug|Any CPU.ActiveCfg = Debug|Any CPU
		{ACD4ED72-278D-4F19-B4EE-38209E7F9A33}.Debug|Any CPU.Build.0 = Debug|Any CPU
		{ACD4ED72-278D-4F19-B4EE-38209E7F9A33}.Release|Any CPU.ActiveCfg = Release|Any CPU
		{ACD4ED72-278D-4F19-B4EE-38209E7F9A33}.Release|Any CPU.Build.0 = Release|Any CPU
		{5C2311AD-8A59-4359-8198-675B7AAB27B8}.Debug|Any CPU.ActiveCfg = Debug|Any CPU
		{5C2311AD-8A59-4359-8198-675B7AAB27B8}.Debug|Any CPU.Build.0 = Debug|Any CPU
		{5C2311AD-8A59-4359-8198-675B7AAB27B8}.Release|Any CPU.ActiveCfg = Release|Any CPU
		{5C2311AD-8A59-4359-8198-675B7AAB27B8}.Release|Any CPU.Build.0 = Release|Any CPU
		{363107BD-3B1B-4224-A4E0-57506A56F5E8}.Debug|Any CPU.ActiveCfg = Debug|Any CPU
		{363107BD-3B1B-4224-A4E0-57506A56F5E8}.Debug|Any CPU.Build.0 = Debug|Any CPU
		{363107BD-3B1B-4224-A4E0-57506A56F5E8}.Release|Any CPU.ActiveCfg = Release|Any CPU
		{363107BD-3B1B-4224-A4E0-57506A56F5E8}.Release|Any CPU.Build.0 = Release|Any CPU
		{76923A0B-7E25-496F-B410-5F89FF90C75F}.Debug|Any CPU.ActiveCfg = Debug|Any CPU
		{76923A0B-7E25-496F-B410-5F89FF90C75F}.Debug|Any CPU.Build.0 = Debug|Any CPU
		{76923A0B-7E25-496F-B410-5F89FF90C75F}.Release|Any CPU.ActiveCfg = Release|Any CPU
		{76923A0B-7E25-496F-B410-5F89FF90C75F}.Release|Any CPU.Build.0 = Release|Any CPU
		{E446911E-6176-4A72-9719-A6DC5561F675}.Debug|Any CPU.ActiveCfg = Debug|Any CPU
		{E446911E-6176-4A72-9719-A6DC5561F675}.Debug|Any CPU.Build.0 = Debug|Any CPU
		{E446911E-6176-4A72-9719-A6DC5561F675}.Release|Any CPU.ActiveCfg = Release|Any CPU
		{E446911E-6176-4A72-9719-A6DC5561F675}.Release|Any CPU.Build.0 = Release|Any CPU
		{024D0E28-375F-495C-92B3-B6717369B9BF}.Debug|Any CPU.ActiveCfg = Debug|Any CPU
		{024D0E28-375F-495C-92B3-B6717369B9BF}.Debug|Any CPU.Build.0 = Debug|Any CPU
		{024D0E28-375F-495C-92B3-B6717369B9BF}.Release|Any CPU.ActiveCfg = Release|Any CPU
		{024D0E28-375F-495C-92B3-B6717369B9BF}.Release|Any CPU.Build.0 = Release|Any CPU
	EndGlobalSection
EndGlobal
