
Microsoft Visual Studio Solution File, Format Version 12.00
Project("{FAE04EC0-301F-11D3-BF4B-00C04F79EFBC}") = "_724.FindPivotIndex", "problems\_724.FindPivotIndex\_724.FindPivotIndex.csproj", "{4789579A-0143-401B-B995-1713F93BAB49}"
EndProject
Global
	GlobalSection(SolutionConfigurationPlatforms) = preSolution
		Debug|Any CPU = Debug|Any CPU
		Release|Any CPU = Release|Any CPU
	EndGlobalSection
	GlobalSection(ProjectConfigurationPlatforms) = postSolution
		{4789579A-0143-401B-B995-1713F93BAB49}.Debug|Any CPU.ActiveCfg = Debug|Any CPU
		{4789579A-0143-401B-B995-1713F93BAB49}.Debug|Any CPU.Build.0 = Debug|Any CPU
		{4789579A-0143-401B-B995-1713F93BAB49}.Release|Any CPU.ActiveCfg = Release|Any CPU
		{4789579A-0143-401B-B995-1713F93BAB49}.Release|Any CPU.Build.0 = Release|Any CPU
	EndGlobalSection
EndGlobal
